// !$*UTF8*$!
{
	archiveVersion = 1;
	classes = {
	};
	objectVersion = 46;
	objects = {

/* Begin PBXBuildFile section */
		C75AFDA2153FABC600FE8623 /* OpenGLES.framework in Frameworks */ = {isa = PBXBuildFile; fileRef = C75AFDA1153FABC600FE8623 /* OpenGLES.framework */; };
		C7A1907315469BC200B266A6 /* GLMath.c in Sources */ = {isa = PBXBuildFile; fileRef = C7A1903D15469BC200B266A6 /* GLMath.c */; };
		C7A1907415469BC200B266A6 /* GLMath.h in Headers */ = {isa = PBXBuildFile; fileRef = C7A1903E15469BC200B266A6 /* GLMath.h */; };
		C7A1907515469BC200B266A6 /* GLMathBezierCurve.h in Headers */ = {isa = PBXBuildFile; fileRef = C7A1904215469BC200B266A6 /* GLMathBezierCurve.h */; };
		C7A1907615469BC200B266A6 /* GLMathExports.c in Sources */ = {isa = PBXBuildFile; fileRef = C7A1904315469BC200B266A6 /* GLMathExports.c */; };
		C7A1907715469BC200B266A6 /* GLMathExports.h in Headers */ = {isa = PBXBuildFile; fileRef = C7A1904415469BC200B266A6 /* GLMathExports.h */; };
		C7A1907815469BC200B266A6 /* GLMathMatrix.h in Headers */ = {isa = PBXBuildFile; fileRef = C7A1904515469BC200B266A6 /* GLMathMatrix.h */; };
		C7A1907915469BC200B266A6 /* GLMathMatrixStack.h in Headers */ = {isa = PBXBuildFile; fileRef = C7A1904615469BC200B266A6 /* GLMathMatrixStack.h */; };
		C7A1907A15469BC200B266A6 /* GLMathQuaternion.h in Headers */ = {isa = PBXBuildFile; fileRef = C7A1904715469BC200B266A6 /* GLMathQuaternion.h */; };
		C7A1907B15469BC200B266A6 /* GLMathTransforms.h in Headers */ = {isa = PBXBuildFile; fileRef = C7A1904815469BC200B266A6 /* GLMathTransforms.h */; };
		C7A1907C15469BC200B266A6 /* GLMathTypes.h in Headers */ = {isa = PBXBuildFile; fileRef = C7A1904915469BC200B266A6 /* GLMathTypes.h */; };
		C7A1907D15469BC200B266A6 /* GLMathUtilities.c in Sources */ = {isa = PBXBuildFile; fileRef = C7A1904A15469BC200B266A6 /* GLMathUtilities.c */; };
		C7A1907E15469BC200B266A6 /* GLMathUtilities.h in Headers */ = {isa = PBXBuildFile; fileRef = C7A1904B15469BC200B266A6 /* GLMathUtilities.h */; };
		C7A1907F15469BC200B266A6 /* GLMathVector.h in Headers */ = {isa = PBXBuildFile; fileRef = C7A1904C15469BC200B266A6 /* GLMathVector.h */; };
		C7A1908015469BC200B266A6 /* config.h in Headers */ = {isa = PBXBuildFile; fileRef = C7A1904F15469BC200B266A6 /* config.h */; };
		C7A1908115469BC200B266A6 /* mxml-attr.c in Sources */ = {isa = PBXBuildFile; fileRef = C7A1905015469BC200B266A6 /* mxml-attr.c */; };
		C7A1908215469BC200B266A6 /* mxml-entity.c in Sources */ = {isa = PBXBuildFile; fileRef = C7A1905115469BC200B266A6 /* mxml-entity.c */; };
		C7A1908315469BC200B266A6 /* mxml-file.c in Sources */ = {isa = PBXBuildFile; fileRef = C7A1905215469BC200B266A6 /* mxml-file.c */; };
		C7A1908415469BC200B266A6 /* mxml-get.c in Sources */ = {isa = PBXBuildFile; fileRef = C7A1905315469BC200B266A6 /* mxml-get.c */; };
		C7A1908515469BC200B266A6 /* mxml-index.c in Sources */ = {isa = PBXBuildFile; fileRef = C7A1905415469BC200B266A6 /* mxml-index.c */; };
		C7A1908615469BC200B266A6 /* mxml-node.c in Sources */ = {isa = PBXBuildFile; fileRef = C7A1905515469BC200B266A6 /* mxml-node.c */; };
		C7A1908715469BC200B266A6 /* mxml-private.c in Sources */ = {isa = PBXBuildFile; fileRef = C7A1905615469BC200B266A6 /* mxml-private.c */; };
		C7A1908815469BC200B266A6 /* mxml-private.h in Headers */ = {isa = PBXBuildFile; fileRef = C7A1905715469BC200B266A6 /* mxml-private.h */; };
		C7A1908915469BC200B266A6 /* mxml-search.c in Sources */ = {isa = PBXBuildFile; fileRef = C7A1905815469BC200B266A6 /* mxml-search.c */; };
		C7A1908A15469BC200B266A6 /* mxml-set.c in Sources */ = {isa = PBXBuildFile; fileRef = C7A1905915469BC200B266A6 /* mxml-set.c */; };
		C7A1908B15469BC200B266A6 /* mxml-string.c in Sources */ = {isa = PBXBuildFile; fileRef = C7A1905A15469BC200B266A6 /* mxml-string.c */; };
		C7A1908C15469BC200B266A6 /* mxml.h in Headers */ = {isa = PBXBuildFile; fileRef = C7A1905B15469BC200B266A6 /* mxml.h */; };
		C7A1908D15469BC200B266A6 /* config.h in Headers */ = {isa = PBXBuildFile; fileRef = C7A1905E15469BC200B266A6 /* config.h */; };
		C7A1908E15469BC200B266A6 /* png.c in Sources */ = {isa = PBXBuildFile; fileRef = C7A1905F15469BC200B266A6 /* png.c */; };
		C7A1908F15469BC200B266A6 /* png.h in Headers */ = {isa = PBXBuildFile; fileRef = C7A1906015469BC200B266A6 /* png.h */; };
		C7A1909015469BC200B266A6 /* pngconf.h in Headers */ = {isa = PBXBuildFile; fileRef = C7A1906115469BC200B266A6 /* pngconf.h */; };
		C7A1909115469BC200B266A6 /* pngerror.c in Sources */ = {isa = PBXBuildFile; fileRef = C7A1906215469BC200B266A6 /* pngerror.c */; };
		C7A1909215469BC200B266A6 /* pngget.c in Sources */ = {isa = PBXBuildFile; fileRef = C7A1906315469BC200B266A6 /* pngget.c */; };
		C7A1909315469BC200B266A6 /* pngmem.c in Sources */ = {isa = PBXBuildFile; fileRef = C7A1906415469BC200B266A6 /* pngmem.c */; };
		C7A1909415469BC200B266A6 /* pngpread.c in Sources */ = {isa = PBXBuildFile; fileRef = C7A1906515469BC200B266A6 /* pngpread.c */; };
		C7A1909515469BC200B266A6 /* pngpriv.h in Headers */ = {isa = PBXBuildFile; fileRef = C7A1906615469BC200B266A6 /* pngpriv.h */; };
		C7A1909615469BC200B266A6 /* pngread.c in Sources */ = {isa = PBXBuildFile; fileRef = C7A1906715469BC200B266A6 /* pngread.c */; };
		C7A1909715469BC200B266A6 /* pngrio.c in Sources */ = {isa = PBXBuildFile; fileRef = C7A1906815469BC200B266A6 /* pngrio.c */; };
		C7A1909815469BC200B266A6 /* pngrtran.c in Sources */ = {isa = PBXBuildFile; fileRef = C7A1906915469BC200B266A6 /* pngrtran.c */; };
		C7A1909915469BC200B266A6 /* pngrutil.c in Sources */ = {isa = PBXBuildFile; fileRef = C7A1906A15469BC200B266A6 /* pngrutil.c */; };
		C7A1909A15469BC200B266A6 /* pngset.c in Sources */ = {isa = PBXBuildFile; fileRef = C7A1906B15469BC200B266A6 /* pngset.c */; };
		C7A1909B15469BC200B266A6 /* pngtrans.c in Sources */ = {isa = PBXBuildFile; fileRef = C7A1906C15469BC200B266A6 /* pngtrans.c */; };
		C7A1909C15469BC200B266A6 /* pngwio.c in Sources */ = {isa = PBXBuildFile; fileRef = C7A1906D15469BC200B266A6 /* pngwio.c */; };
		C7A1909D15469BC200B266A6 /* pngwrite.c in Sources */ = {isa = PBXBuildFile; fileRef = C7A1906E15469BC200B266A6 /* pngwrite.c */; };
		C7A1909E15469BC200B266A6 /* pngwtran.c in Sources */ = {isa = PBXBuildFile; fileRef = C7A1906F15469BC200B266A6 /* pngwtran.c */; };
		C7A1909F15469BC200B266A6 /* pngwutil.c in Sources */ = {isa = PBXBuildFile; fileRef = C7A1907015469BC200B266A6 /* pngwutil.c */; };
		C7A190CD15469BFB00B266A6 /* array.c in Sources */ = {isa = PBXBuildFile; fileRef = C7A190A915469BFB00B266A6 /* array.c */; };
		C7A190CE15469BFB00B266A6 /* array.h in Headers */ = {isa = PBXBuildFile; fileRef = C7A190AA15469BFB00B266A6 /* array.h */; };
		C7A190CF15469BFB00B266A6 /* background.c in Sources */ = {isa = PBXBuildFile; fileRef = C7A190AB15469BFB00B266A6 /* background.c */; };
		C7A190D015469BFB00B266A6 /* background.h in Headers */ = {isa = PBXBuildFile; fileRef = C7A190AC15469BFB00B266A6 /* background.h */; };
		C7A190D115469BFB00B266A6 /* drawutils.c in Sources */ = {isa = PBXBuildFile; fileRef = C7A190AD15469BFB00B266A6 /* drawutils.c */; };
		C7A190D215469BFB00B266A6 /* drawutils.h in Headers */ = {isa = PBXBuildFile; fileRef = C7A190AE15469BFB00B266A6 /* drawutils.h */; };
		C7A190D315469BFB00B266A6 /* dynamo.h in Headers */ = {isa = PBXBuildFile; fileRef = C7A190AF15469BFB00B266A6 /* dynamo.h */; };
		C7A190D415469BFB00B266A6 /* gametimer.c in Sources */ = {isa = PBXBuildFile; fileRef = C7A190B015469BFB00B266A6 /* gametimer.c */; };
		C7A190D515469BFB00B266A6 /* gametimer.h in Headers */ = {isa = PBXBuildFile; fileRef = C7A190B115469BFB00B266A6 /* gametimer.h */; };
		C7A190D615469BFB00B266A6 /* glutils.h in Headers */ = {isa = PBXBuildFile; fileRef = C7A190B215469BFB00B266A6 /* glutils.h */; };
		C7A190D715469BFB00B266A6 /* input.c in Sources */ = {isa = PBXBuildFile; fileRef = C7A190B315469BFB00B266A6 /* input.c */; };
		C7A190D815469BFB00B266A6 /* input.h in Headers */ = {isa = PBXBuildFile; fileRef = C7A190B415469BFB00B266A6 /* input.h */; };
		C7A190D915469BFB00B266A6 /* linkedlist.c in Sources */ = {isa = PBXBuildFile; fileRef = C7A190B515469BFB00B266A6 /* linkedlist.c */; };
		C7A190DA15469BFB00B266A6 /* linkedlist.h in Headers */ = {isa = PBXBuildFile; fileRef = C7A190B615469BFB00B266A6 /* linkedlist.h */; };
		C7A190DB15469BFB00B266A6 /* object.c in Sources */ = {isa = PBXBuildFile; fileRef = C7A190B715469BFB00B266A6 /* object.c */; };
		C7A190DC15469BFB00B266A6 /* object.h in Headers */ = {isa = PBXBuildFile; fileRef = C7A190B815469BFB00B266A6 /* object.h */; };
		C7A190DD15469BFB00B266A6 /* png_loader.c in Sources */ = {isa = PBXBuildFile; fileRef = C7A190B915469BFB00B266A6 /* png_loader.c */; };
		C7A190DE15469BFB00B266A6 /* png_loader.h in Headers */ = {isa = PBXBuildFile; fileRef = C7A190BA15469BFB00B266A6 /* png_loader.h */; };
		C7A190DF15469BFB00B266A6 /* renderer.c in Sources */ = {isa = PBXBuildFile; fileRef = C7A190BB15469BFB00B266A6 /* renderer.c */; };
		C7A190E015469BFB00B266A6 /* renderer.h in Headers */ = {isa = PBXBuildFile; fileRef = C7A190BC15469BFB00B266A6 /* renderer.h */; };
		C7A190E115469BFB00B266A6 /* scene.c in Sources */ = {isa = PBXBuildFile; fileRef = C7A190BD15469BFB00B266A6 /* scene.c */; };
		C7A190E215469BFB00B266A6 /* scene.h in Headers */ = {isa = PBXBuildFile; fileRef = C7A190BE15469BFB00B266A6 /* scene.h */; };
		C7A190E315469BFB00B266A6 /* shader.c in Sources */ = {isa = PBXBuildFile; fileRef = C7A190BF15469BFB00B266A6 /* shader.c */; };
		C7A190E415469BFB00B266A6 /* shader.h in Headers */ = {isa = PBXBuildFile; fileRef = C7A190C015469BFB00B266A6 /* shader.h */; };
		C7A190E515469BFB00B266A6 /* sound.c in Sources */ = {isa = PBXBuildFile; fileRef = C7A190C115469BFB00B266A6 /* sound.c */; };
		C7A190E615469BFB00B266A6 /* sound.h in Headers */ = {isa = PBXBuildFile; fileRef = C7A190C215469BFB00B266A6 /* sound.h */; };
		C7A190E715469BFB00B266A6 /* sprite.c in Sources */ = {isa = PBXBuildFile; fileRef = C7A190C315469BFB00B266A6 /* sprite.c */; };
		C7A190E815469BFB00B266A6 /* sprite.h in Headers */ = {isa = PBXBuildFile; fileRef = C7A190C415469BFB00B266A6 /* sprite.h */; };
		C7A190E915469BFB00B266A6 /* texture_atlas.c in Sources */ = {isa = PBXBuildFile; fileRef = C7A190C515469BFB00B266A6 /* texture_atlas.c */; };
		C7A190EA15469BFB00B266A6 /* texture_atlas.h in Headers */ = {isa = PBXBuildFile; fileRef = C7A190C615469BFB00B266A6 /* texture_atlas.h */; };
		C7A190EB15469BFB00B266A6 /* texture.c in Sources */ = {isa = PBXBuildFile; fileRef = C7A190C715469BFB00B266A6 /* texture.c */; };
		C7A190EC15469BFB00B266A6 /* texture.h in Headers */ = {isa = PBXBuildFile; fileRef = C7A190C815469BFB00B266A6 /* texture.h */; };
		C7A190ED15469BFB00B266A6 /* tmx_map.c in Sources */ = {isa = PBXBuildFile; fileRef = C7A190C915469BFB00B266A6 /* tmx_map.c */; };
		C7A190EE15469BFB00B266A6 /* tmx_map.h in Headers */ = {isa = PBXBuildFile; fileRef = C7A190CA15469BFB00B266A6 /* tmx_map.h */; };
		C7A190EF15469BFB00B266A6 /* util.c in Sources */ = {isa = PBXBuildFile; fileRef = C7A190CB15469BFB00B266A6 /* util.c */; };
		C7A190F015469BFB00B266A6 /* util.h in Headers */ = {isa = PBXBuildFile; fileRef = C7A190CC15469BFB00B266A6 /* util.h */; };
		C7A190F215469C0B00B266A6 /* Accelerate.framework in Frameworks */ = {isa = PBXBuildFile; fileRef = C7A190F115469C0B00B266A6 /* Accelerate.framework */; };
		C7ECFDDF153FB4420066EA9B /* CoreGraphics.framework in Frameworks */ = {isa = PBXBuildFile; fileRef = C7ECFDDE153FB4420066EA9B /* CoreGraphics.framework */; };
		C7ECFDEF153FB57D0066EA9B /* CoreFoundation.framework in Frameworks */ = {isa = PBXBuildFile; fileRef = C7ECFDEE153FB57D0066EA9B /* CoreFoundation.framework */; };
/* End PBXBuildFile section */

/* Begin PBXFileReference section */
		C75AFCF0153FA9F500FE8623 /* libDynamo - iOS.a */ = {isa = PBXFileReference; explicitFileType = archive.ar; includeInIndex = 0; path = "libDynamo - iOS.a"; sourceTree = BUILT_PRODUCTS_DIR; };
		C75AFCF7153FA9F500FE8623 /* Dynamo-Prefix.pch */ = {isa = PBXFileReference; lastKnownFileType = sourcecode.c.h; path = "Dynamo-Prefix.pch"; sourceTree = "<group>"; };
		C75AFDA1153FABC600FE8623 /* OpenGLES.framework */ = {isa = PBXFileReference; lastKnownFileType = wrapper.framework; name = OpenGLES.framework; path = Platforms/iPhoneOS.platform/Developer/SDKs/iPhoneOS5.1.sdk/System/Library/Frameworks/OpenGLES.framework; sourceTree = DEVELOPER_DIR; };
		C7A1903D15469BC200B266A6 /* GLMath.c */ = {isa = PBXFileReference; fileEncoding = 4; lastKnownFileType = sourcecode.c.c; path = GLMath.c; sourceTree = "<group>"; };
		C7A1903E15469BC200B266A6 /* GLMath.h */ = {isa = PBXFileReference; fileEncoding = 4; lastKnownFileType = sourcecode.c.h; path = GLMath.h; sourceTree = "<group>"; };
		C7A1904215469BC200B266A6 /* GLMathBezierCurve.h */ = {isa = PBXFileReference; fileEncoding = 4; lastKnownFileType = sourcecode.c.h; path = GLMathBezierCurve.h; sourceTree = "<group>"; };
		C7A1904315469BC200B266A6 /* GLMathExports.c */ = {isa = PBXFileReference; fileEncoding = 4; lastKnownFileType = sourcecode.c.c; path = GLMathExports.c; sourceTree = "<group>"; };
		C7A1904415469BC200B266A6 /* GLMathExports.h */ = {isa = PBXFileReference; fileEncoding = 4; lastKnownFileType = sourcecode.c.h; path = GLMathExports.h; sourceTree = "<group>"; };
		C7A1904515469BC200B266A6 /* GLMathMatrix.h */ = {isa = PBXFileReference; fileEncoding = 4; lastKnownFileType = sourcecode.c.h; path = GLMathMatrix.h; sourceTree = "<group>"; };
		C7A1904615469BC200B266A6 /* GLMathMatrixStack.h */ = {isa = PBXFileReference; fileEncoding = 4; lastKnownFileType = sourcecode.c.h; path = GLMathMatrixStack.h; sourceTree = "<group>"; };
		C7A1904715469BC200B266A6 /* GLMathQuaternion.h */ = {isa = PBXFileReference; fileEncoding = 4; lastKnownFileType = sourcecode.c.h; path = GLMathQuaternion.h; sourceTree = "<group>"; };
		C7A1904815469BC200B266A6 /* GLMathTransforms.h */ = {isa = PBXFileReference; fileEncoding = 4; lastKnownFileType = sourcecode.c.h; path = GLMathTransforms.h; sourceTree = "<group>"; };
		C7A1904915469BC200B266A6 /* GLMathTypes.h */ = {isa = PBXFileReference; fileEncoding = 4; lastKnownFileType = sourcecode.c.h; path = GLMathTypes.h; sourceTree = "<group>"; };
		C7A1904A15469BC200B266A6 /* GLMathUtilities.c */ = {isa = PBXFileReference; fileEncoding = 4; lastKnownFileType = sourcecode.c.c; path = GLMathUtilities.c; sourceTree = "<group>"; };
		C7A1904B15469BC200B266A6 /* GLMathUtilities.h */ = {isa = PBXFileReference; fileEncoding = 4; lastKnownFileType = sourcecode.c.h; path = GLMathUtilities.h; sourceTree = "<group>"; };
		C7A1904C15469BC200B266A6 /* GLMathVector.h */ = {isa = PBXFileReference; fileEncoding = 4; lastKnownFileType = sourcecode.c.h; path = GLMathVector.h; sourceTree = "<group>"; };
		C7A1904F15469BC200B266A6 /* config.h */ = {isa = PBXFileReference; fileEncoding = 4; lastKnownFileType = sourcecode.c.h; path = config.h; sourceTree = "<group>"; };
		C7A1905015469BC200B266A6 /* mxml-attr.c */ = {isa = PBXFileReference; fileEncoding = 4; lastKnownFileType = sourcecode.c.c; path = "mxml-attr.c"; sourceTree = "<group>"; };
		C7A1905115469BC200B266A6 /* mxml-entity.c */ = {isa = PBXFileReference; fileEncoding = 4; lastKnownFileType = sourcecode.c.c; path = "mxml-entity.c"; sourceTree = "<group>"; };
		C7A1905215469BC200B266A6 /* mxml-file.c */ = {isa = PBXFileReference; fileEncoding = 4; lastKnownFileType = sourcecode.c.c; path = "mxml-file.c"; sourceTree = "<group>"; };
		C7A1905315469BC200B266A6 /* mxml-get.c */ = {isa = PBXFileReference; fileEncoding = 4; lastKnownFileType = sourcecode.c.c; path = "mxml-get.c"; sourceTree = "<group>"; };
		C7A1905415469BC200B266A6 /* mxml-index.c */ = {isa = PBXFileReference; fileEncoding = 4; lastKnownFileType = sourcecode.c.c; path = "mxml-index.c"; sourceTree = "<group>"; };
		C7A1905515469BC200B266A6 /* mxml-node.c */ = {isa = PBXFileReference; fileEncoding = 4; lastKnownFileType = sourcecode.c.c; path = "mxml-node.c"; sourceTree = "<group>"; };
		C7A1905615469BC200B266A6 /* mxml-private.c */ = {isa = PBXFileReference; fileEncoding = 4; lastKnownFileType = sourcecode.c.c; path = "mxml-private.c"; sourceTree = "<group>"; };
		C7A1905715469BC200B266A6 /* mxml-private.h */ = {isa = PBXFileReference; fileEncoding = 4; lastKnownFileType = sourcecode.c.h; path = "mxml-private.h"; sourceTree = "<group>"; };
		C7A1905815469BC200B266A6 /* mxml-search.c */ = {isa = PBXFileReference; fileEncoding = 4; lastKnownFileType = sourcecode.c.c; path = "mxml-search.c"; sourceTree = "<group>"; };
		C7A1905915469BC200B266A6 /* mxml-set.c */ = {isa = PBXFileReference; fileEncoding = 4; lastKnownFileType = sourcecode.c.c; path = "mxml-set.c"; sourceTree = "<group>"; };
		C7A1905A15469BC200B266A6 /* mxml-string.c */ = {isa = PBXFileReference; fileEncoding = 4; lastKnownFileType = sourcecode.c.c; path = "mxml-string.c"; sourceTree = "<group>"; };
		C7A1905B15469BC200B266A6 /* mxml.h */ = {isa = PBXFileReference; fileEncoding = 4; lastKnownFileType = sourcecode.c.h; path = mxml.h; sourceTree = "<group>"; };
		C7A1905E15469BC200B266A6 /* config.h */ = {isa = PBXFileReference; fileEncoding = 4; lastKnownFileType = sourcecode.c.h; path = config.h; sourceTree = "<group>"; };
		C7A1905F15469BC200B266A6 /* png.c */ = {isa = PBXFileReference; fileEncoding = 4; lastKnownFileType = sourcecode.c.c; path = png.c; sourceTree = "<group>"; };
		C7A1906015469BC200B266A6 /* png.h */ = {isa = PBXFileReference; fileEncoding = 4; lastKnownFileType = sourcecode.c.h; path = png.h; sourceTree = "<group>"; };
		C7A1906115469BC200B266A6 /* pngconf.h */ = {isa = PBXFileReference; fileEncoding = 4; lastKnownFileType = sourcecode.c.h; path = pngconf.h; sourceTree = "<group>"; };
		C7A1906215469BC200B266A6 /* pngerror.c */ = {isa = PBXFileReference; fileEncoding = 4; lastKnownFileType = sourcecode.c.c; path = pngerror.c; sourceTree = "<group>"; };
		C7A1906315469BC200B266A6 /* pngget.c */ = {isa = PBXFileReference; fileEncoding = 4; lastKnownFileType = sourcecode.c.c; path = pngget.c; sourceTree = "<group>"; };
		C7A1906415469BC200B266A6 /* pngmem.c */ = {isa = PBXFileReference; fileEncoding = 4; lastKnownFileType = sourcecode.c.c; path = pngmem.c; sourceTree = "<group>"; };
		C7A1906515469BC200B266A6 /* pngpread.c */ = {isa = PBXFileReference; fileEncoding = 4; lastKnownFileType = sourcecode.c.c; path = pngpread.c; sourceTree = "<group>"; };
		C7A1906615469BC200B266A6 /* pngpriv.h */ = {isa = PBXFileReference; fileEncoding = 4; lastKnownFileType = sourcecode.c.h; path = pngpriv.h; sourceTree = "<group>"; };
		C7A1906715469BC200B266A6 /* pngread.c */ = {isa = PBXFileReference; fileEncoding = 4; lastKnownFileType = sourcecode.c.c; path = pngread.c; sourceTree = "<group>"; };
		C7A1906815469BC200B266A6 /* pngrio.c */ = {isa = PBXFileReference; fileEncoding = 4; lastKnownFileType = sourcecode.c.c; path = pngrio.c; sourceTree = "<group>"; };
		C7A1906915469BC200B266A6 /* pngrtran.c */ = {isa = PBXFileReference; fileEncoding = 4; lastKnownFileType = sourcecode.c.c; path = pngrtran.c; sourceTree = "<group>"; };
		C7A1906A15469BC200B266A6 /* pngrutil.c */ = {isa = PBXFileReference; fileEncoding = 4; lastKnownFileType = sourcecode.c.c; path = pngrutil.c; sourceTree = "<group>"; };
		C7A1906B15469BC200B266A6 /* pngset.c */ = {isa = PBXFileReference; fileEncoding = 4; lastKnownFileType = sourcecode.c.c; path = pngset.c; sourceTree = "<group>"; };
		C7A1906C15469BC200B266A6 /* pngtrans.c */ = {isa = PBXFileReference; fileEncoding = 4; lastKnownFileType = sourcecode.c.c; path = pngtrans.c; sourceTree = "<group>"; };
		C7A1906D15469BC200B266A6 /* pngwio.c */ = {isa = PBXFileReference; fileEncoding = 4; lastKnownFileType = sourcecode.c.c; path = pngwio.c; sourceTree = "<group>"; };
		C7A1906E15469BC200B266A6 /* pngwrite.c */ = {isa = PBXFileReference; fileEncoding = 4; lastKnownFileType = sourcecode.c.c; path = pngwrite.c; sourceTree = "<group>"; };
		C7A1906F15469BC200B266A6 /* pngwtran.c */ = {isa = PBXFileReference; fileEncoding = 4; lastKnownFileType = sourcecode.c.c; path = pngwtran.c; sourceTree = "<group>"; };
		C7A1907015469BC200B266A6 /* pngwutil.c */ = {isa = PBXFileReference; fileEncoding = 4; lastKnownFileType = sourcecode.c.c; path = pngwutil.c; sourceTree = "<group>"; };
		C7A190A915469BFB00B266A6 /* array.c */ = {isa = PBXFileReference; fileEncoding = 4; lastKnownFileType = sourcecode.c.c; name = array.c; path = Source/array.c; sourceTree = SOURCE_ROOT; };
		C7A190AA15469BFB00B266A6 /* array.h */ = {isa = PBXFileReference; fileEncoding = 4; lastKnownFileType = sourcecode.c.h; name = array.h; path = Source/array.h; sourceTree = SOURCE_ROOT; };
		C7A190AB15469BFB00B266A6 /* background.c */ = {isa = PBXFileReference; fileEncoding = 4; lastKnownFileType = sourcecode.c.c; name = background.c; path = Source/background.c; sourceTree = SOURCE_ROOT; };
		C7A190AC15469BFB00B266A6 /* background.h */ = {isa = PBXFileReference; fileEncoding = 4; lastKnownFileType = sourcecode.c.h; name = background.h; path = Source/background.h; sourceTree = SOURCE_ROOT; };
		C7A190AD15469BFB00B266A6 /* drawutils.c */ = {isa = PBXFileReference; fileEncoding = 4; lastKnownFileType = sourcecode.c.c; name = drawutils.c; path = Source/drawutils.c; sourceTree = SOURCE_ROOT; };
		C7A190AE15469BFB00B266A6 /* drawutils.h */ = {isa = PBXFileReference; fileEncoding = 4; lastKnownFileType = sourcecode.c.h; name = drawutils.h; path = Source/drawutils.h; sourceTree = SOURCE_ROOT; };
		C7A190AF15469BFB00B266A6 /* dynamo.h */ = {isa = PBXFileReference; fileEncoding = 4; lastKnownFileType = sourcecode.c.h; name = dynamo.h; path = Source/dynamo.h; sourceTree = SOURCE_ROOT; };
		C7A190B015469BFB00B266A6 /* gametimer.c */ = {isa = PBXFileReference; fileEncoding = 4; lastKnownFileType = sourcecode.c.c; name = gametimer.c; path = Source/gametimer.c; sourceTree = SOURCE_ROOT; };
		C7A190B115469BFB00B266A6 /* gametimer.h */ = {isa = PBXFileReference; fileEncoding = 4; lastKnownFileType = sourcecode.c.h; name = gametimer.h; path = Source/gametimer.h; sourceTree = SOURCE_ROOT; };
		C7A190B215469BFB00B266A6 /* glutils.h */ = {isa = PBXFileReference; fileEncoding = 4; lastKnownFileType = sourcecode.c.h; name = glutils.h; path = Source/glutils.h; sourceTree = SOURCE_ROOT; };
		C7A190B315469BFB00B266A6 /* input.c */ = {isa = PBXFileReference; fileEncoding = 4; lastKnownFileType = sourcecode.c.c; name = input.c; path = Source/input.c; sourceTree = SOURCE_ROOT; };
		C7A190B415469BFB00B266A6 /* input.h */ = {isa = PBXFileReference; fileEncoding = 4; lastKnownFileType = sourcecode.c.h; name = input.h; path = Source/input.h; sourceTree = SOURCE_ROOT; };
		C7A190B515469BFB00B266A6 /* linkedlist.c */ = {isa = PBXFileReference; fileEncoding = 4; lastKnownFileType = sourcecode.c.c; name = linkedlist.c; path = Source/linkedlist.c; sourceTree = SOURCE_ROOT; };
		C7A190B615469BFB00B266A6 /* linkedlist.h */ = {isa = PBXFileReference; fileEncoding = 4; lastKnownFileType = sourcecode.c.h; name = linkedlist.h; path = Source/linkedlist.h; sourceTree = SOURCE_ROOT; };
		C7A190B715469BFB00B266A6 /* object.c */ = {isa = PBXFileReference; fileEncoding = 4; lastKnownFileType = sourcecode.c.c; name = object.c; path = Source/object.c; sourceTree = SOURCE_ROOT; };
		C7A190B815469BFB00B266A6 /* object.h */ = {isa = PBXFileReference; fileEncoding = 4; lastKnownFileType = sourcecode.c.h; name = object.h; path = Source/object.h; sourceTree = SOURCE_ROOT; };
		C7A190B915469BFB00B266A6 /* png_loader.c */ = {isa = PBXFileReference; fileEncoding = 4; lastKnownFileType = sourcecode.c.c; name = png_loader.c; path = Source/png_loader.c; sourceTree = SOURCE_ROOT; };
		C7A190BA15469BFB00B266A6 /* png_loader.h */ = {isa = PBXFileReference; fileEncoding = 4; lastKnownFileType = sourcecode.c.h; name = png_loader.h; path = Source/png_loader.h; sourceTree = SOURCE_ROOT; };
		C7A190BB15469BFB00B266A6 /* renderer.c */ = {isa = PBXFileReference; fileEncoding = 4; lastKnownFileType = sourcecode.c.c; name = renderer.c; path = Source/renderer.c; sourceTree = SOURCE_ROOT; };
		C7A190BC15469BFB00B266A6 /* renderer.h */ = {isa = PBXFileReference; fileEncoding = 4; lastKnownFileType = sourcecode.c.h; name = renderer.h; path = Source/renderer.h; sourceTree = SOURCE_ROOT; };
		C7A190BD15469BFB00B266A6 /* scene.c */ = {isa = PBXFileReference; fileEncoding = 4; lastKnownFileType = sourcecode.c.c; name = scene.c; path = Source/scene.c; sourceTree = SOURCE_ROOT; };
		C7A190BE15469BFB00B266A6 /* scene.h */ = {isa = PBXFileReference; fileEncoding = 4; lastKnownFileType = sourcecode.c.h; name = scene.h; path = Source/scene.h; sourceTree = SOURCE_ROOT; };
		C7A190BF15469BFB00B266A6 /* shader.c */ = {isa = PBXFileReference; fileEncoding = 4; lastKnownFileType = sourcecode.c.c; name = shader.c; path = Source/shader.c; sourceTree = SOURCE_ROOT; };
		C7A190C015469BFB00B266A6 /* shader.h */ = {isa = PBXFileReference; fileEncoding = 4; lastKnownFileType = sourcecode.c.h; name = shader.h; path = Source/shader.h; sourceTree = SOURCE_ROOT; };
		C7A190C115469BFB00B266A6 /* sound.c */ = {isa = PBXFileReference; fileEncoding = 4; lastKnownFileType = sourcecode.c.c; name = sound.c; path = Source/sound.c; sourceTree = SOURCE_ROOT; };
		C7A190C215469BFB00B266A6 /* sound.h */ = {isa = PBXFileReference; fileEncoding = 4; lastKnownFileType = sourcecode.c.h; name = sound.h; path = Source/sound.h; sourceTree = SOURCE_ROOT; };
		C7A190C315469BFB00B266A6 /* sprite.c */ = {isa = PBXFileReference; fileEncoding = 4; lastKnownFileType = sourcecode.c.c; name = sprite.c; path = Source/sprite.c; sourceTree = SOURCE_ROOT; };
		C7A190C415469BFB00B266A6 /* sprite.h */ = {isa = PBXFileReference; fileEncoding = 4; lastKnownFileType = sourcecode.c.h; name = sprite.h; path = Source/sprite.h; sourceTree = SOURCE_ROOT; };
		C7A190C515469BFB00B266A6 /* texture_atlas.c */ = {isa = PBXFileReference; fileEncoding = 4; lastKnownFileType = sourcecode.c.c; name = texture_atlas.c; path = Source/texture_atlas.c; sourceTree = SOURCE_ROOT; };
		C7A190C615469BFB00B266A6 /* texture_atlas.h */ = {isa = PBXFileReference; fileEncoding = 4; lastKnownFileType = sourcecode.c.h; name = texture_atlas.h; path = Source/texture_atlas.h; sourceTree = SOURCE_ROOT; };
		C7A190C715469BFB00B266A6 /* texture.c */ = {isa = PBXFileReference; fileEncoding = 4; lastKnownFileType = sourcecode.c.c; name = texture.c; path = Source/texture.c; sourceTree = SOURCE_ROOT; };
		C7A190C815469BFB00B266A6 /* texture.h */ = {isa = PBXFileReference; fileEncoding = 4; lastKnownFileType = sourcecode.c.h; name = texture.h; path = Source/texture.h; sourceTree = SOURCE_ROOT; };
		C7A190C915469BFB00B266A6 /* tmx_map.c */ = {isa = PBXFileReference; fileEncoding = 4; lastKnownFileType = sourcecode.c.c; name = tmx_map.c; path = Source/tmx_map.c; sourceTree = SOURCE_ROOT; };
		C7A190CA15469BFB00B266A6 /* tmx_map.h */ = {isa = PBXFileReference; fileEncoding = 4; lastKnownFileType = sourcecode.c.h; name = tmx_map.h; path = Source/tmx_map.h; sourceTree = SOURCE_ROOT; };
		C7A190CB15469BFB00B266A6 /* util.c */ = {isa = PBXFileReference; fileEncoding = 4; lastKnownFileType = sourcecode.c.c; name = util.c; path = Source/util.c; sourceTree = SOURCE_ROOT; };
		C7A190CC15469BFB00B266A6 /* util.h */ = {isa = PBXFileReference; fileEncoding = 4; lastKnownFileType = sourcecode.c.h; name = util.h; path = Source/util.h; sourceTree = SOURCE_ROOT; };
		C7A190F115469C0B00B266A6 /* Accelerate.framework */ = {isa = PBXFileReference; lastKnownFileType = wrapper.framework; name = Accelerate.framework; path = Platforms/iPhoneOS.platform/Developer/SDKs/iPhoneOS5.1.sdk/System/Library/Frameworks/Accelerate.framework; sourceTree = DEVELOPER_DIR; };
		C7A190F315469C1900B266A6 /* Shaders */ = {isa = PBXFileReference; lastKnownFileType = folder; path = Shaders; sourceTree = SOURCE_ROOT; };
		C7ECFDDE153FB4420066EA9B /* CoreGraphics.framework */ = {isa = PBXFileReference; lastKnownFileType = wrapper.framework; name = CoreGraphics.framework; path = Platforms/iPhoneOS.platform/Developer/SDKs/iPhoneOS5.1.sdk/System/Library/Frameworks/CoreGraphics.framework; sourceTree = DEVELOPER_DIR; };
		C7ECFDEE153FB57D0066EA9B /* CoreFoundation.framework */ = {isa = PBXFileReference; lastKnownFileType = wrapper.framework; name = CoreFoundation.framework; path = Platforms/iPhoneOS.platform/Developer/SDKs/iPhoneOS5.1.sdk/System/Library/Frameworks/CoreFoundation.framework; sourceTree = DEVELOPER_DIR; };
/* End PBXFileReference section */

/* Begin PBXFrameworksBuildPhase section */
		C75AFCED153FA9F500FE8623 /* Frameworks */ = {
			isa = PBXFrameworksBuildPhase;
			buildActionMask = 2147483647;
			files = (
				C7A190F215469C0B00B266A6 /* Accelerate.framework in Frameworks */,
				C7ECFDEF153FB57D0066EA9B /* CoreFoundation.framework in Frameworks */,
				C7ECFDDF153FB4420066EA9B /* CoreGraphics.framework in Frameworks */,
				C75AFDA2153FABC600FE8623 /* OpenGLES.framework in Frameworks */,
			);
			runOnlyForDeploymentPostprocessing = 0;
		};
/* End PBXFrameworksBuildPhase section */

/* Begin PBXGroup section */
		C75AFCE0153FA9D800FE8623 = {
			isa = PBXGroup;
			children = (
				C7A1903315469BC200B266A6 /* Dependencies */,
				C75AFCF5153FA9F500FE8623 /* Dynamo */,
				C75AFCF2153FA9F500FE8623 /* Frameworks */,
				C75AFCF1153FA9F500FE8623 /* Products */,
			);
			sourceTree = "<group>";
		};
		C75AFCF1153FA9F500FE8623 /* Products */ = {
			isa = PBXGroup;
			children = (
				C75AFCF0153FA9F500FE8623 /* libDynamo - iOS.a */,
			);
			name = Products;
			sourceTree = "<group>";
		};
		C75AFCF2153FA9F500FE8623 /* Frameworks */ = {
			isa = PBXGroup;
			children = (
				C7A190F115469C0B00B266A6 /* Accelerate.framework */,
				C7ECFDEE153FB57D0066EA9B /* CoreFoundation.framework */,
				C7ECFDDE153FB4420066EA9B /* CoreGraphics.framework */,
				C75AFDA1153FABC600FE8623 /* OpenGLES.framework */,
			);
			name = Frameworks;
			sourceTree = "<group>";
		};
		C75AFCF5153FA9F500FE8623 /* Dynamo */ = {
			isa = PBXGroup;
			children = (
				C7A190F315469C1900B266A6 /* Shaders */,
				C7A190A915469BFB00B266A6 /* array.c */,
				C7A190AA15469BFB00B266A6 /* array.h */,
				C7A190AB15469BFB00B266A6 /* background.c */,
				C7A190AC15469BFB00B266A6 /* background.h */,
				C7A190AD15469BFB00B266A6 /* drawutils.c */,
				C7A190AE15469BFB00B266A6 /* drawutils.h */,
				C7A190AF15469BFB00B266A6 /* dynamo.h */,
				C7A190B015469BFB00B266A6 /* gametimer.c */,
				C7A190B115469BFB00B266A6 /* gametimer.h */,
				C7A190B215469BFB00B266A6 /* glutils.h */,
				C7A190B315469BFB00B266A6 /* input.c */,
				C7A190B415469BFB00B266A6 /* input.h */,
				C7A190B515469BFB00B266A6 /* linkedlist.c */,
				C7A190B615469BFB00B266A6 /* linkedlist.h */,
				C7A190B715469BFB00B266A6 /* object.c */,
				C7A190B815469BFB00B266A6 /* object.h */,
				C7A190B915469BFB00B266A6 /* png_loader.c */,
				C7A190BA15469BFB00B266A6 /* png_loader.h */,
				C7A190BB15469BFB00B266A6 /* renderer.c */,
				C7A190BC15469BFB00B266A6 /* renderer.h */,
				C7A190BD15469BFB00B266A6 /* scene.c */,
				C7A190BE15469BFB00B266A6 /* scene.h */,
				C7A190BF15469BFB00B266A6 /* shader.c */,
				C7A190C015469BFB00B266A6 /* shader.h */,
				C7A190C115469BFB00B266A6 /* sound.c */,
				C7A190C215469BFB00B266A6 /* sound.h */,
				C7A190C315469BFB00B266A6 /* sprite.c */,
				C7A190C415469BFB00B266A6 /* sprite.h */,
				C7A190C515469BFB00B266A6 /* texture_atlas.c */,
				C7A190C615469BFB00B266A6 /* texture_atlas.h */,
				C7A190C715469BFB00B266A6 /* texture.c */,
				C7A190C815469BFB00B266A6 /* texture.h */,
				C7A190C915469BFB00B266A6 /* tmx_map.c */,
				C7A190CA15469BFB00B266A6 /* tmx_map.h */,
				C7A190CB15469BFB00B266A6 /* util.c */,
				C7A190CC15469BFB00B266A6 /* util.h */,
				C75AFCF7153FA9F500FE8623 /* Dynamo-Prefix.pch */,
			);
			path = Dynamo;
			sourceTree = "<group>";
		};
		C7A1903315469BC200B266A6 /* Dependencies */ = {
			isa = PBXGroup;
			children = (
				C7A1903415469BC200B266A6 /* GLMath */,
				C7A1904E15469BC200B266A6 /* mxml */,
				C7A1905C15469BC200B266A6 /* png */,
			);
			path = Dependencies;
			sourceTree = "<group>";
		};
		C7A1903415469BC200B266A6 /* GLMath */ = {
			isa = PBXGroup;
			children = (
				C7A1903D15469BC200B266A6 /* GLMath.c */,
				C7A1903E15469BC200B266A6 /* GLMath.h */,
				C7A1904215469BC200B266A6 /* GLMathBezierCurve.h */,
				C7A1904315469BC200B266A6 /* GLMathExports.c */,
				C7A1904415469BC200B266A6 /* GLMathExports.h */,
				C7A1904515469BC200B266A6 /* GLMathMatrix.h */,
				C7A1904615469BC200B266A6 /* GLMathMatrixStack.h */,
				C7A1904715469BC200B266A6 /* GLMathQuaternion.h */,
				C7A1904815469BC200B266A6 /* GLMathTransforms.h */,
				C7A1904915469BC200B266A6 /* GLMathTypes.h */,
				C7A1904A15469BC200B266A6 /* GLMathUtilities.c */,
				C7A1904B15469BC200B266A6 /* GLMathUtilities.h */,
				C7A1904C15469BC200B266A6 /* GLMathVector.h */,
			);
			path = GLMath;
			sourceTree = "<group>";
		};
		C7A1904E15469BC200B266A6 /* mxml */ = {
			isa = PBXGroup;
			children = (
				C7A1904F15469BC200B266A6 /* config.h */,
				C7A1905015469BC200B266A6 /* mxml-attr.c */,
				C7A1905115469BC200B266A6 /* mxml-entity.c */,
				C7A1905215469BC200B266A6 /* mxml-file.c */,
				C7A1905315469BC200B266A6 /* mxml-get.c */,
				C7A1905415469BC200B266A6 /* mxml-index.c */,
				C7A1905515469BC200B266A6 /* mxml-node.c */,
				C7A1905615469BC200B266A6 /* mxml-private.c */,
				C7A1905715469BC200B266A6 /* mxml-private.h */,
				C7A1905815469BC200B266A6 /* mxml-search.c */,
				C7A1905915469BC200B266A6 /* mxml-set.c */,
				C7A1905A15469BC200B266A6 /* mxml-string.c */,
				C7A1905B15469BC200B266A6 /* mxml.h */,
			);
			path = mxml;
			sourceTree = "<group>";
		};
		C7A1905C15469BC200B266A6 /* png */ = {
			isa = PBXGroup;
			children = (
				C7A1905E15469BC200B266A6 /* config.h */,
				C7A1905F15469BC200B266A6 /* png.c */,
				C7A1906015469BC200B266A6 /* png.h */,
				C7A1906115469BC200B266A6 /* pngconf.h */,
				C7A1906215469BC200B266A6 /* pngerror.c */,
				C7A1906315469BC200B266A6 /* pngget.c */,
				C7A1906415469BC200B266A6 /* pngmem.c */,
				C7A1906515469BC200B266A6 /* pngpread.c */,
				C7A1906615469BC200B266A6 /* pngpriv.h */,
				C7A1906715469BC200B266A6 /* pngread.c */,
				C7A1906815469BC200B266A6 /* pngrio.c */,
				C7A1906915469BC200B266A6 /* pngrtran.c */,
				C7A1906A15469BC200B266A6 /* pngrutil.c */,
				C7A1906B15469BC200B266A6 /* pngset.c */,
				C7A1906C15469BC200B266A6 /* pngtrans.c */,
				C7A1906D15469BC200B266A6 /* pngwio.c */,
				C7A1906E15469BC200B266A6 /* pngwrite.c */,
				C7A1906F15469BC200B266A6 /* pngwtran.c */,
				C7A1907015469BC200B266A6 /* pngwutil.c */,
			);
			path = png;
			sourceTree = "<group>";
		};
/* End PBXGroup section */

/* Begin PBXHeadersBuildPhase section */
		C75AFCEE153FA9F500FE8623 /* Headers */ = {
			isa = PBXHeadersBuildPhase;
			buildActionMask = 2147483647;
			files = (
				C7A1907415469BC200B266A6 /* GLMath.h in Headers */,
				C7A1907515469BC200B266A6 /* GLMathBezierCurve.h in Headers */,
				C7A1907715469BC200B266A6 /* GLMathExports.h in Headers */,
				C7A1907815469BC200B266A6 /* GLMathMatrix.h in Headers */,
				C7A1907915469BC200B266A6 /* GLMathMatrixStack.h in Headers */,
				C7A1907A15469BC200B266A6 /* GLMathQuaternion.h in Headers */,
				C7A1907B15469BC200B266A6 /* GLMathTransforms.h in Headers */,
				C7A1907C15469BC200B266A6 /* GLMathTypes.h in Headers */,
				C7A1907E15469BC200B266A6 /* GLMathUtilities.h in Headers */,
				C7A1907F15469BC200B266A6 /* GLMathVector.h in Headers */,
				C7A1908015469BC200B266A6 /* config.h in Headers */,
				C7A1908815469BC200B266A6 /* mxml-private.h in Headers */,
				C7A1908C15469BC200B266A6 /* mxml.h in Headers */,
				C7A1908D15469BC200B266A6 /* config.h in Headers */,
				C7A1908F15469BC200B266A6 /* png.h in Headers */,
				C7A1909015469BC200B266A6 /* pngconf.h in Headers */,
				C7A1909515469BC200B266A6 /* pngpriv.h in Headers */,
				C7A190CE15469BFB00B266A6 /* array.h in Headers */,
				C7A190D015469BFB00B266A6 /* background.h in Headers */,
				C7A190D215469BFB00B266A6 /* drawutils.h in Headers */,
				C7A190D315469BFB00B266A6 /* dynamo.h in Headers */,
				C7A190D515469BFB00B266A6 /* gametimer.h in Headers */,
				C7A190D615469BFB00B266A6 /* glutils.h in Headers */,
				C7A190D815469BFB00B266A6 /* input.h in Headers */,
				C7A190DA15469BFB00B266A6 /* linkedlist.h in Headers */,
				C7A190DC15469BFB00B266A6 /* object.h in Headers */,
				C7A190DE15469BFB00B266A6 /* png_loader.h in Headers */,
				C7A190E015469BFB00B266A6 /* renderer.h in Headers */,
				C7A190E215469BFB00B266A6 /* scene.h in Headers */,
				C7A190E415469BFB00B266A6 /* shader.h in Headers */,
				C7A190E615469BFB00B266A6 /* sound.h in Headers */,
				C7A190E815469BFB00B266A6 /* sprite.h in Headers */,
				C7A190EA15469BFB00B266A6 /* texture_atlas.h in Headers */,
				C7A190EC15469BFB00B266A6 /* texture.h in Headers */,
				C7A190EE15469BFB00B266A6 /* tmx_map.h in Headers */,
				C7A190F015469BFB00B266A6 /* util.h in Headers */,
			);
			runOnlyForDeploymentPostprocessing = 0;
		};
/* End PBXHeadersBuildPhase section */

/* Begin PBXNativeTarget section */
		C75AFCEF153FA9F500FE8623 /* Dynamo - iOS */ = {
			isa = PBXNativeTarget;
			buildConfigurationList = C75AFCFD153FA9F500FE8623 /* Build configuration list for PBXNativeTarget "Dynamo - iOS" */;
			buildPhases = (
				C75AFCEC153FA9F500FE8623 /* Sources */,
				C75AFCED153FA9F500FE8623 /* Frameworks */,
				C75AFCEE153FA9F500FE8623 /* Headers */,
			);
			buildRules = (
			);
			dependencies = (
			);
			name = "Dynamo - iOS";
			productName = Dynamo;
			productReference = C75AFCF0153FA9F500FE8623 /* libDynamo - iOS.a */;
			productType = "com.apple.product-type.library.static";
		};
/* End PBXNativeTarget section */

/* Begin PBXProject section */
		C75AFCE2153FA9D800FE8623 /* Project object */ = {
			isa = PBXProject;
			attributes = {
				LastUpgradeCheck = 0430;
			};
			buildConfigurationList = C75AFCE5153FA9D800FE8623 /* Build configuration list for PBXProject "Dynamo" */;
			compatibilityVersion = "Xcode 3.2";
			developmentRegion = English;
			hasScannedForEncodings = 0;
			knownRegions = (
				en,
			);
			mainGroup = C75AFCE0153FA9D800FE8623;
			productRefGroup = C75AFCF1153FA9F500FE8623 /* Products */;
			projectDirPath = "";
			projectRoot = "";
			targets = (
				C75AFCEF153FA9F500FE8623 /* Dynamo - iOS */,
			);
		};
/* End PBXProject section */

/* Begin PBXSourcesBuildPhase section */
		C75AFCEC153FA9F500FE8623 /* Sources */ = {
			isa = PBXSourcesBuildPhase;
			buildActionMask = 2147483647;
			files = (
				C7A1907315469BC200B266A6 /* GLMath.c in Sources */,
				C7A1907615469BC200B266A6 /* GLMathExports.c in Sources */,
				C7A1907D15469BC200B266A6 /* GLMathUtilities.c in Sources */,
				C7A1908115469BC200B266A6 /* mxml-attr.c in Sources */,
				C7A1908215469BC200B266A6 /* mxml-entity.c in Sources */,
				C7A1908315469BC200B266A6 /* mxml-file.c in Sources */,
				C7A1908415469BC200B266A6 /* mxml-get.c in Sources */,
				C7A1908515469BC200B266A6 /* mxml-index.c in Sources */,
				C7A1908615469BC200B266A6 /* mxml-node.c in Sources */,
				C7A1908715469BC200B266A6 /* mxml-private.c in Sources */,
				C7A1908915469BC200B266A6 /* mxml-search.c in Sources */,
				C7A1908A15469BC200B266A6 /* mxml-set.c in Sources */,
				C7A1908B15469BC200B266A6 /* mxml-string.c in Sources */,
				C7A1908E15469BC200B266A6 /* png.c in Sources */,
				C7A1909115469BC200B266A6 /* pngerror.c in Sources */,
				C7A1909215469BC200B266A6 /* pngget.c in Sources */,
				C7A1909315469BC200B266A6 /* pngmem.c in Sources */,
				C7A1909415469BC200B266A6 /* pngpread.c in Sources */,
				C7A1909615469BC200B266A6 /* pngread.c in Sources */,
				C7A1909715469BC200B266A6 /* pngrio.c in Sources */,
				C7A1909815469BC200B266A6 /* pngrtran.c in Sources */,
				C7A1909915469BC200B266A6 /* pngrutil.c in Sources */,
				C7A1909A15469BC200B266A6 /* pngset.c in Sources */,
				C7A1909B15469BC200B266A6 /* pngtrans.c in Sources */,
				C7A1909C15469BC200B266A6 /* pngwio.c in Sources */,
				C7A1909D15469BC200B266A6 /* pngwrite.c in Sources */,
				C7A1909E15469BC200B266A6 /* pngwtran.c in Sources */,
				C7A1909F15469BC200B266A6 /* pngwutil.c in Sources */,
				C7A190CD15469BFB00B266A6 /* array.c in Sources */,
				C7A190CF15469BFB00B266A6 /* background.c in Sources */,
				C7A190D115469BFB00B266A6 /* drawutils.c in Sources */,
				C7A190D415469BFB00B266A6 /* gametimer.c in Sources */,
				C7A190D715469BFB00B266A6 /* input.c in Sources */,
				C7A190D915469BFB00B266A6 /* linkedlist.c in Sources */,
				C7A190DB15469BFB00B266A6 /* object.c in Sources */,
				C7A190DD15469BFB00B266A6 /* png_loader.c in Sources */,
				C7A190DF15469BFB00B266A6 /* renderer.c in Sources */,
				C7A190E115469BFB00B266A6 /* scene.c in Sources */,
				C7A190E315469BFB00B266A6 /* shader.c in Sources */,
				C7A190E515469BFB00B266A6 /* sound.c in Sources */,
				C7A190E715469BFB00B266A6 /* sprite.c in Sources */,
				C7A190E915469BFB00B266A6 /* texture_atlas.c in Sources */,
				C7A190EB15469BFB00B266A6 /* texture.c in Sources */,
				C7A190ED15469BFB00B266A6 /* tmx_map.c in Sources */,
				C7A190EF15469BFB00B266A6 /* util.c in Sources */,
			);
			runOnlyForDeploymentPostprocessing = 0;
		};
/* End PBXSourcesBuildPhase section */

/* Begin XCBuildConfiguration section */
		C75AFCE7153FA9D800FE8623 /* Debug */ = {
			isa = XCBuildConfiguration;
			buildSettings = {
			};
			name = Debug;
		};
		C75AFCE8153FA9D800FE8623 /* Release */ = {
			isa = XCBuildConfiguration;
			buildSettings = {
			};
			name = Release;
		};
		C75AFCFB153FA9F500FE8623 /* Debug */ = {
			isa = XCBuildConfiguration;
			buildSettings = {
				ALWAYS_SEARCH_USER_PATHS = NO;
				ARCHS = "$(ARCHS_STANDARD_32_BIT)";
				COPY_PHASE_STRIP = NO;
				DSTROOT = /tmp/Dynamo.dst;
				GCC_C_LANGUAGE_STANDARD = gnu99;
				GCC_DYNAMIC_NO_PIC = NO;
				GCC_OPTIMIZATION_LEVEL = 0;
				GCC_PRECOMPILE_PREFIX_HEADER = YES;
				GCC_PREFIX_HEADER = "Dynamo-Prefix.pch";
				GCC_PREPROCESSOR_DEFINITIONS = (
					"DEBUG=1",
					"$(inherited)",
				);
				GCC_SYMBOLS_PRIVATE_EXTERN = NO;
				GCC_VERSION = com.apple.compilers.llvm.clang.1_0;
				GCC_WARN_ABOUT_RETURN_TYPE = YES;
				GCC_WARN_UNINITIALIZED_AUTOS = YES;
				GCC_WARN_UNUSED_VARIABLE = YES;
				HEADER_SEARCH_PATHS = (
					Source,
					"Dependencies/**",
					Dependencies/png,
					Dependencies/mxml,
				);
				IPHONEOS_DEPLOYMENT_TARGET = 5.1;
				OTHER_LDFLAGS = "-ObjC";
				PRODUCT_NAME = "$(TARGET_NAME)";
				SDKROOT = iphoneos;
				SKIP_INSTALL = YES;
			};
			name = Debug;
		};
		C75AFCFC153FA9F500FE8623 /* Release */ = {
			isa = XCBuildConfiguration;
			buildSettings = {
				ALWAYS_SEARCH_USER_PATHS = NO;
				ARCHS = "$(ARCHS_STANDARD_32_BIT)";
				COPY_PHASE_STRIP = YES;
				DSTROOT = /tmp/Dynamo.dst;
				GCC_C_LANGUAGE_STANDARD = gnu99;
				GCC_PRECOMPILE_PREFIX_HEADER = YES;
				GCC_PREFIX_HEADER = "Dynamo-Prefix.pch";
				GCC_VERSION = com.apple.compilers.llvm.clang.1_0;
				GCC_WARN_ABOUT_RETURN_TYPE = YES;
				GCC_WARN_UNINITIALIZED_AUTOS = YES;
				GCC_WARN_UNUSED_VARIABLE = YES;
				HEADER_SEARCH_PATHS = (
					Source,
					"Dependencies/**",
					Dependencies/png,
					Dependencies/mxml,
				);
				IPHONEOS_DEPLOYMENT_TARGET = 5.1;
				OTHER_LDFLAGS = "-ObjC";
				PRODUCT_NAME = "$(TARGET_NAME)";
				SDKROOT = iphoneos;
				SKIP_INSTALL = YES;
				VALIDATE_PRODUCT = YES;
			};
			name = Release;
		};
/* End XCBuildConfiguration section */

/* Begin XCConfigurationList section */
		C75AFCE5153FA9D800FE8623 /* Build configuration list for PBXProject "Dynamo" */ = {
			isa = XCConfigurationList;
			buildConfigurations = (
				C75AFCE7153FA9D800FE8623 /* Debug */,
				C75AFCE8153FA9D800FE8623 /* Release */,
			);
			defaultConfigurationIsVisible = 0;
			defaultConfigurationName = Release;
		};
		C75AFCFD153FA9F500FE8623 /* Build configuration list for PBXNativeTarget "Dynamo - iOS" */ = {
			isa = XCConfigurationList;
			buildConfigurations = (
				C75AFCFB153FA9F500FE8623 /* Debug */,
				C75AFCFC153FA9F500FE8623 /* Release */,
			);
			defaultConfigurationIsVisible = 0;
			defaultConfigurationName = Release;
		};
/* End XCConfigurationList section */
	};
	rootObject = C75AFCE2153FA9D800FE8623 /* Project object */;
}
