// !$*UTF8*$!
{
	archiveVersion = 1;
	classes = {
	};
	objectVersion = 46;
	objects = {

/* Begin PBXBuildFile section */
		C71E0B6F155A40E500CB6F37 /* AVFoundation.framework in Frameworks */ = {isa = PBXBuildFile; fileRef = C71E0B6E155A40E500CB6F37 /* AVFoundation.framework */; };
		C71E0B71155A40E900CB6F37 /* CoreGraphics.framework in Frameworks */ = {isa = PBXBuildFile; fileRef = C71E0B70155A40E900CB6F37 /* CoreGraphics.framework */; };
		C71E0B73155A40F300CB6F37 /* AudioToolbox.framework in Frameworks */ = {isa = PBXBuildFile; fileRef = C71E0B72155A40F300CB6F37 /* AudioToolbox.framework */; };
		C71E0B75155A40F700CB6F37 /* OpenGLES.framework in Frameworks */ = {isa = PBXBuildFile; fileRef = C71E0B74155A40F700CB6F37 /* OpenGLES.framework */; };
		C72C87D415591547001EF047 /* libglmath.a in Frameworks */ = {isa = PBXBuildFile; fileRef = C72C87B715591517001EF047 /* libglmath.a */; };
		C72C87D515591547001EF047 /* liblibpng.a in Frameworks */ = {isa = PBXBuildFile; fileRef = C72C87CB15591524001EF047 /* liblibpng.a */; };
		C72C87D615591547001EF047 /* libmxml.a in Frameworks */ = {isa = PBXBuildFile; fileRef = C72C87C21559151F001EF047 /* libmxml.a */; };
		C72C87D715591547001EF047 /* libyajl.a in Frameworks */ = {isa = PBXBuildFile; fileRef = C72C87141559123A001EF047 /* libyajl.a */; };
		C72C87DA15591564001EF047 /* GLMath.framework in Frameworks */ = {isa = PBXBuildFile; fileRef = C72C87B915591517001EF047 /* GLMath.framework */; };
		C734C80315609DE000C49454 /* libluajit_ios.a in Frameworks */ = {isa = PBXBuildFile; fileRef = C734C80215609DE000C49454 /* libluajit_ios.a */; };
		C73EFC4D155A412400FD64CA /* Foundation.framework in Frameworks */ = {isa = PBXBuildFile; fileRef = C73EFC4C155A412400FD64CA /* Foundation.framework */; };
		C73EFC4F155A41CB00FD64CA /* AVFoundation.framework in Frameworks */ = {isa = PBXBuildFile; fileRef = C73EFC4E155A41CB00FD64CA /* AVFoundation.framework */; };
		C73EFC51155A421700FD64CA /* OpenAL.framework in Frameworks */ = {isa = PBXBuildFile; fileRef = C73EFC50155A421700FD64CA /* OpenAL.framework */; };
		C73EFC54155A422C00FD64CA /* OpenGL.framework in Frameworks */ = {isa = PBXBuildFile; fileRef = C73EFC53155A422B00FD64CA /* OpenGL.framework */; };
		C73EFC56155A423000FD64CA /* Accelerate.framework in Frameworks */ = {isa = PBXBuildFile; fileRef = C73EFC55155A423000FD64CA /* Accelerate.framework */; };
		C73EFC58155A423700FD64CA /* ApplicationServices.framework in Frameworks */ = {isa = PBXBuildFile; fileRef = C73EFC57155A423700FD64CA /* ApplicationServices.framework */; };
		C73EFC5A155A424000FD64CA /* AudioToolbox.framework in Frameworks */ = {isa = PBXBuildFile; fileRef = C73EFC59155A424000FD64CA /* AudioToolbox.framework */; };
		C73EFC5E155A427800FD64CA /* Foundation.framework in Frameworks */ = {isa = PBXBuildFile; fileRef = C73EFC5D155A427800FD64CA /* Foundation.framework */; };
		C7650D43155B629900A0C86D /* libChipmunk-iPhone.a in Frameworks */ = {isa = PBXBuildFile; fileRef = C7650D3E155B628000A0C86D /* libChipmunk-iPhone.a */; };
		C7650D46155B62AD00A0C86D /* libChipmunk.a in Frameworks */ = {isa = PBXBuildFile; fileRef = C7650D3C155B628000A0C86D /* libChipmunk.a */; };
		C7650D49155B640B00A0C86D /* world.c in Sources */ = {isa = PBXBuildFile; fileRef = C7650D47155B640B00A0C86D /* world.c */; };
		C7650D4A155B640B00A0C86D /* world.c in Sources */ = {isa = PBXBuildFile; fileRef = C7650D47155B640B00A0C86D /* world.c */; };
		C7650D4B155B640B00A0C86D /* world.h in Headers */ = {isa = PBXBuildFile; fileRef = C7650D48155B640B00A0C86D /* world.h */; };
		C7650D4C155B640B00A0C86D /* world.h in Headers */ = {isa = PBXBuildFile; fileRef = C7650D48155B640B00A0C86D /* world.h */; };
		C78B8D7C1558A60200B8E5CE /* lauxlib.h in Headers */ = {isa = PBXBuildFile; fileRef = C78B8D761558A60200B8E5CE /* lauxlib.h */; };
		C78B8D7F1558A60200B8E5CE /* lua.h in Headers */ = {isa = PBXBuildFile; fileRef = C78B8D791558A60200B8E5CE /* lua.h */; };
		C78B8D801558A60200B8E5CE /* luaconf.h in Headers */ = {isa = PBXBuildFile; fileRef = C78B8D7A1558A60200B8E5CE /* luaconf.h */; };
		C78B8D811558A60200B8E5CE /* lualib.h in Headers */ = {isa = PBXBuildFile; fileRef = C78B8D7B1558A60200B8E5CE /* lualib.h */; };
		C78B8DB51558A69600B8E5CE /* array.c in Sources */ = {isa = PBXBuildFile; fileRef = C78B8D871558A69600B8E5CE /* array.c */; };
		C78B8DB61558A69600B8E5CE /* array.h in Headers */ = {isa = PBXBuildFile; fileRef = C78B8D881558A69600B8E5CE /* array.h */; };
		C78B8DB71558A69600B8E5CE /* background.c in Sources */ = {isa = PBXBuildFile; fileRef = C78B8D891558A69600B8E5CE /* background.c */; };
		C78B8DB81558A69600B8E5CE /* background.h in Headers */ = {isa = PBXBuildFile; fileRef = C78B8D8A1558A69600B8E5CE /* background.h */; };
		C78B8DB91558A69600B8E5CE /* dictionary.c in Sources */ = {isa = PBXBuildFile; fileRef = C78B8D8B1558A69600B8E5CE /* dictionary.c */; };
		C78B8DBA1558A69600B8E5CE /* dictionary.h in Headers */ = {isa = PBXBuildFile; fileRef = C78B8D8C1558A69600B8E5CE /* dictionary.h */; };
		C78B8DBB1558A69700B8E5CE /* drawutils.c in Sources */ = {isa = PBXBuildFile; fileRef = C78B8D8D1558A69600B8E5CE /* drawutils.c */; };
		C78B8DBC1558A69700B8E5CE /* drawutils.h in Headers */ = {isa = PBXBuildFile; fileRef = C78B8D8E1558A69600B8E5CE /* drawutils.h */; };
		C78B8DBD1558A69700B8E5CE /* dynamo.h in Headers */ = {isa = PBXBuildFile; fileRef = C78B8D8F1558A69600B8E5CE /* dynamo.h */; };
		C78B8DBE1558A69700B8E5CE /* gametimer.c in Sources */ = {isa = PBXBuildFile; fileRef = C78B8D901558A69600B8E5CE /* gametimer.c */; };
		C78B8DBF1558A69700B8E5CE /* gametimer.h in Headers */ = {isa = PBXBuildFile; fileRef = C78B8D911558A69600B8E5CE /* gametimer.h */; };
		C78B8DC01558A69700B8E5CE /* glutils.h in Headers */ = {isa = PBXBuildFile; fileRef = C78B8D921558A69600B8E5CE /* glutils.h */; };
		C78B8DC11558A69700B8E5CE /* input.c in Sources */ = {isa = PBXBuildFile; fileRef = C78B8D931558A69600B8E5CE /* input.c */; };
		C78B8DC21558A69700B8E5CE /* input.h in Headers */ = {isa = PBXBuildFile; fileRef = C78B8D941558A69600B8E5CE /* input.h */; };
		C78B8DC31558A69700B8E5CE /* json.c in Sources */ = {isa = PBXBuildFile; fileRef = C78B8D951558A69600B8E5CE /* json.c */; };
		C78B8DC41558A69700B8E5CE /* json.h in Headers */ = {isa = PBXBuildFile; fileRef = C78B8D961558A69600B8E5CE /* json.h */; };
		C78B8DC51558A69700B8E5CE /* linkedlist.c in Sources */ = {isa = PBXBuildFile; fileRef = C78B8D971558A69600B8E5CE /* linkedlist.c */; };
		C78B8DC61558A69700B8E5CE /* linkedlist.h in Headers */ = {isa = PBXBuildFile; fileRef = C78B8D981558A69600B8E5CE /* linkedlist.h */; };
		C78B8DC91558A69700B8E5CE /* object.c in Sources */ = {isa = PBXBuildFile; fileRef = C78B8D9B1558A69600B8E5CE /* object.c */; };
		C78B8DCA1558A69700B8E5CE /* object.h in Headers */ = {isa = PBXBuildFile; fileRef = C78B8D9C1558A69600B8E5CE /* object.h */; };
		C78B8DCD1558A69700B8E5CE /* png_loader.c in Sources */ = {isa = PBXBuildFile; fileRef = C78B8D9F1558A69600B8E5CE /* png_loader.c */; };
		C78B8DCE1558A69700B8E5CE /* png_loader.h in Headers */ = {isa = PBXBuildFile; fileRef = C78B8DA01558A69600B8E5CE /* png_loader.h */; };
		C78B8DCF1558A69700B8E5CE /* primitive_types.c in Sources */ = {isa = PBXBuildFile; fileRef = C78B8DA11558A69600B8E5CE /* primitive_types.c */; };
		C78B8DD01558A69700B8E5CE /* primitive_types.h in Headers */ = {isa = PBXBuildFile; fileRef = C78B8DA21558A69600B8E5CE /* primitive_types.h */; };
		C78B8DD11558A69700B8E5CE /* renderer.c in Sources */ = {isa = PBXBuildFile; fileRef = C78B8DA31558A69600B8E5CE /* renderer.c */; };
		C78B8DD21558A69700B8E5CE /* renderer.h in Headers */ = {isa = PBXBuildFile; fileRef = C78B8DA41558A69600B8E5CE /* renderer.h */; };
		C78B8DD31558A69700B8E5CE /* scene.c in Sources */ = {isa = PBXBuildFile; fileRef = C78B8DA51558A69600B8E5CE /* scene.c */; };
		C78B8DD41558A69700B8E5CE /* scene.h in Headers */ = {isa = PBXBuildFile; fileRef = C78B8DA61558A69600B8E5CE /* scene.h */; };
		C78B8DD51558A69700B8E5CE /* shader.c in Sources */ = {isa = PBXBuildFile; fileRef = C78B8DA71558A69600B8E5CE /* shader.c */; };
		C78B8DD61558A69700B8E5CE /* shader.h in Headers */ = {isa = PBXBuildFile; fileRef = C78B8DA81558A69600B8E5CE /* shader.h */; };
		C78B8DD71558A69700B8E5CE /* sound_apple.m in Sources */ = {isa = PBXBuildFile; fileRef = C78B8DA91558A69600B8E5CE /* sound_apple.m */; };
		C78B8DD81558A69700B8E5CE /* sound.h in Headers */ = {isa = PBXBuildFile; fileRef = C78B8DAA1558A69600B8E5CE /* sound.h */; };
		C78B8DD91558A69700B8E5CE /* sprite.c in Sources */ = {isa = PBXBuildFile; fileRef = C78B8DAB1558A69600B8E5CE /* sprite.c */; };
		C78B8DDA1558A69700B8E5CE /* sprite.h in Headers */ = {isa = PBXBuildFile; fileRef = C78B8DAC1558A69600B8E5CE /* sprite.h */; };
		C78B8DDB1558A69700B8E5CE /* texture_atlas.c in Sources */ = {isa = PBXBuildFile; fileRef = C78B8DAD1558A69600B8E5CE /* texture_atlas.c */; };
		C78B8DDC1558A69700B8E5CE /* texture_atlas.h in Headers */ = {isa = PBXBuildFile; fileRef = C78B8DAE1558A69600B8E5CE /* texture_atlas.h */; };
		C78B8DDD1558A69700B8E5CE /* texture.c in Sources */ = {isa = PBXBuildFile; fileRef = C78B8DAF1558A69600B8E5CE /* texture.c */; };
		C78B8DDE1558A69700B8E5CE /* texture.h in Headers */ = {isa = PBXBuildFile; fileRef = C78B8DB01558A69600B8E5CE /* texture.h */; };
		C78B8DDF1558A69700B8E5CE /* tmx_map.c in Sources */ = {isa = PBXBuildFile; fileRef = C78B8DB11558A69600B8E5CE /* tmx_map.c */; };
		C78B8DE01558A69700B8E5CE /* tmx_map.h in Headers */ = {isa = PBXBuildFile; fileRef = C78B8DB21558A69600B8E5CE /* tmx_map.h */; };
		C78B8DE11558A69700B8E5CE /* util.c in Sources */ = {isa = PBXBuildFile; fileRef = C78B8DB31558A69600B8E5CE /* util.c */; };
		C78B8DE21558A69700B8E5CE /* util.h in Headers */ = {isa = PBXBuildFile; fileRef = C78B8DB41558A69600B8E5CE /* util.h */; };
		C78B8DF41558A6ED00B8E5CE /* InfoPlist.strings in Resources */ = {isa = PBXBuildFile; fileRef = C78B8DF21558A6ED00B8E5CE /* InfoPlist.strings */; };
		C78B8DFC1558A75000B8E5CE /* array.c in Sources */ = {isa = PBXBuildFile; fileRef = C78B8D871558A69600B8E5CE /* array.c */; };
		C78B8DFD1558A75000B8E5CE /* array.h in Headers */ = {isa = PBXBuildFile; fileRef = C78B8D881558A69600B8E5CE /* array.h */; settings = {ATTRIBUTES = (Public, ); }; };
		C78B8DFE1558A75000B8E5CE /* background.c in Sources */ = {isa = PBXBuildFile; fileRef = C78B8D891558A69600B8E5CE /* background.c */; };
		C78B8DFF1558A75000B8E5CE /* background.h in Headers */ = {isa = PBXBuildFile; fileRef = C78B8D8A1558A69600B8E5CE /* background.h */; settings = {ATTRIBUTES = (Public, ); }; };
		C78B8E001558A75000B8E5CE /* dictionary.c in Sources */ = {isa = PBXBuildFile; fileRef = C78B8D8B1558A69600B8E5CE /* dictionary.c */; };
		C78B8E011558A75000B8E5CE /* dictionary.h in Headers */ = {isa = PBXBuildFile; fileRef = C78B8D8C1558A69600B8E5CE /* dictionary.h */; settings = {ATTRIBUTES = (Public, ); }; };
		C78B8E021558A75000B8E5CE /* drawutils.c in Sources */ = {isa = PBXBuildFile; fileRef = C78B8D8D1558A69600B8E5CE /* drawutils.c */; };
		C78B8E031558A75000B8E5CE /* drawutils.h in Headers */ = {isa = PBXBuildFile; fileRef = C78B8D8E1558A69600B8E5CE /* drawutils.h */; settings = {ATTRIBUTES = (Public, ); }; };
		C78B8E041558A75000B8E5CE /* dynamo.h in Headers */ = {isa = PBXBuildFile; fileRef = C78B8D8F1558A69600B8E5CE /* dynamo.h */; settings = {ATTRIBUTES = (Public, ); }; };
		C78B8E051558A75000B8E5CE /* gametimer.c in Sources */ = {isa = PBXBuildFile; fileRef = C78B8D901558A69600B8E5CE /* gametimer.c */; };
		C78B8E061558A75000B8E5CE /* gametimer.h in Headers */ = {isa = PBXBuildFile; fileRef = C78B8D911558A69600B8E5CE /* gametimer.h */; settings = {ATTRIBUTES = (Public, ); }; };
		C78B8E071558A75000B8E5CE /* glutils.h in Headers */ = {isa = PBXBuildFile; fileRef = C78B8D921558A69600B8E5CE /* glutils.h */; settings = {ATTRIBUTES = (Public, ); }; };
		C78B8E081558A75000B8E5CE /* input.c in Sources */ = {isa = PBXBuildFile; fileRef = C78B8D931558A69600B8E5CE /* input.c */; };
		C78B8E091558A75000B8E5CE /* input.h in Headers */ = {isa = PBXBuildFile; fileRef = C78B8D941558A69600B8E5CE /* input.h */; settings = {ATTRIBUTES = (Public, ); }; };
		C78B8E0A1558A75000B8E5CE /* json.c in Sources */ = {isa = PBXBuildFile; fileRef = C78B8D951558A69600B8E5CE /* json.c */; };
		C78B8E0B1558A75000B8E5CE /* json.h in Headers */ = {isa = PBXBuildFile; fileRef = C78B8D961558A69600B8E5CE /* json.h */; settings = {ATTRIBUTES = (Public, ); }; };
		C78B8E0C1558A75000B8E5CE /* linkedlist.c in Sources */ = {isa = PBXBuildFile; fileRef = C78B8D971558A69600B8E5CE /* linkedlist.c */; };
		C78B8E0D1558A75000B8E5CE /* linkedlist.h in Headers */ = {isa = PBXBuildFile; fileRef = C78B8D981558A69600B8E5CE /* linkedlist.h */; settings = {ATTRIBUTES = (Public, ); }; };
		C78B8E0E1558A75000B8E5CE /* object.c in Sources */ = {isa = PBXBuildFile; fileRef = C78B8D9B1558A69600B8E5CE /* object.c */; };
		C78B8E0F1558A75000B8E5CE /* object.h in Headers */ = {isa = PBXBuildFile; fileRef = C78B8D9C1558A69600B8E5CE /* object.h */; settings = {ATTRIBUTES = (Public, ); }; };
		C78B8E101558A75000B8E5CE /* png_loader.c in Sources */ = {isa = PBXBuildFile; fileRef = C78B8D9F1558A69600B8E5CE /* png_loader.c */; };
		C78B8E111558A75000B8E5CE /* png_loader.h in Headers */ = {isa = PBXBuildFile; fileRef = C78B8DA01558A69600B8E5CE /* png_loader.h */; settings = {ATTRIBUTES = (Public, ); }; };
		C78B8E121558A75000B8E5CE /* primitive_types.c in Sources */ = {isa = PBXBuildFile; fileRef = C78B8DA11558A69600B8E5CE /* primitive_types.c */; };
		C78B8E131558A75000B8E5CE /* primitive_types.h in Headers */ = {isa = PBXBuildFile; fileRef = C78B8DA21558A69600B8E5CE /* primitive_types.h */; settings = {ATTRIBUTES = (Public, ); }; };
		C78B8E141558A75000B8E5CE /* renderer.c in Sources */ = {isa = PBXBuildFile; fileRef = C78B8DA31558A69600B8E5CE /* renderer.c */; };
		C78B8E151558A75000B8E5CE /* renderer.h in Headers */ = {isa = PBXBuildFile; fileRef = C78B8DA41558A69600B8E5CE /* renderer.h */; settings = {ATTRIBUTES = (Public, ); }; };
		C78B8E161558A75000B8E5CE /* scene.c in Sources */ = {isa = PBXBuildFile; fileRef = C78B8DA51558A69600B8E5CE /* scene.c */; };
		C78B8E171558A75000B8E5CE /* scene.h in Headers */ = {isa = PBXBuildFile; fileRef = C78B8DA61558A69600B8E5CE /* scene.h */; settings = {ATTRIBUTES = (Public, ); }; };
		C78B8E181558A75000B8E5CE /* shader.c in Sources */ = {isa = PBXBuildFile; fileRef = C78B8DA71558A69600B8E5CE /* shader.c */; };
		C78B8E191558A75000B8E5CE /* shader.h in Headers */ = {isa = PBXBuildFile; fileRef = C78B8DA81558A69600B8E5CE /* shader.h */; settings = {ATTRIBUTES = (Public, ); }; };
		C78B8E1A1558A75000B8E5CE /* sound_apple.m in Sources */ = {isa = PBXBuildFile; fileRef = C78B8DA91558A69600B8E5CE /* sound_apple.m */; };
		C78B8E1B1558A75000B8E5CE /* sound.h in Headers */ = {isa = PBXBuildFile; fileRef = C78B8DAA1558A69600B8E5CE /* sound.h */; settings = {ATTRIBUTES = (Public, ); }; };
		C78B8E1C1558A75000B8E5CE /* sprite.c in Sources */ = {isa = PBXBuildFile; fileRef = C78B8DAB1558A69600B8E5CE /* sprite.c */; };
		C78B8E1D1558A75000B8E5CE /* sprite.h in Headers */ = {isa = PBXBuildFile; fileRef = C78B8DAC1558A69600B8E5CE /* sprite.h */; settings = {ATTRIBUTES = (Public, ); }; };
		C78B8E1E1558A75000B8E5CE /* texture_atlas.c in Sources */ = {isa = PBXBuildFile; fileRef = C78B8DAD1558A69600B8E5CE /* texture_atlas.c */; };
		C78B8E1F1558A75000B8E5CE /* texture_atlas.h in Headers */ = {isa = PBXBuildFile; fileRef = C78B8DAE1558A69600B8E5CE /* texture_atlas.h */; settings = {ATTRIBUTES = (Public, ); }; };
		C78B8E201558A75000B8E5CE /* texture.c in Sources */ = {isa = PBXBuildFile; fileRef = C78B8DAF1558A69600B8E5CE /* texture.c */; };
		C78B8E211558A75000B8E5CE /* texture.h in Headers */ = {isa = PBXBuildFile; fileRef = C78B8DB01558A69600B8E5CE /* texture.h */; settings = {ATTRIBUTES = (Public, ); }; };
		C78B8E221558A75000B8E5CE /* tmx_map.c in Sources */ = {isa = PBXBuildFile; fileRef = C78B8DB11558A69600B8E5CE /* tmx_map.c */; };
		C78B8E231558A75000B8E5CE /* tmx_map.h in Headers */ = {isa = PBXBuildFile; fileRef = C78B8DB21558A69600B8E5CE /* tmx_map.h */; settings = {ATTRIBUTES = (Public, ); }; };
		C78B8E241558A75000B8E5CE /* util.c in Sources */ = {isa = PBXBuildFile; fileRef = C78B8DB31558A69600B8E5CE /* util.c */; };
		C78B8E251558A75000B8E5CE /* util.h in Headers */ = {isa = PBXBuildFile; fileRef = C78B8DB41558A69600B8E5CE /* util.h */; settings = {ATTRIBUTES = (Public, ); }; };
		C78B8E271558A78800B8E5CE /* libpng15.15.dylib in Frameworks */ = {isa = PBXBuildFile; fileRef = C78B8E261558A78800B8E5CE /* libpng15.15.dylib */; };
		C78B8E461558AB5500B8E5CE /* libyajl_s.a in Frameworks */ = {isa = PBXBuildFile; fileRef = C78B8E451558AB5500B8E5CE /* libyajl_s.a */; };
		C78B8E481558AB6D00B8E5CE /* libmxml.a in Frameworks */ = {isa = PBXBuildFile; fileRef = C78B8E471558AB6D00B8E5CE /* libmxml.a */; };
		C799E482155908780009C0A7 /* libluajit-5.1.a in Frameworks */ = {isa = PBXBuildFile; fileRef = C799E481155908780009C0A7 /* libluajit-5.1.a */; };
/* End PBXBuildFile section */

/* Begin PBXContainerItemProxy section */
		C72C87131559123A001EF047 /* PBXContainerItemProxy */ = {
			isa = PBXContainerItemProxy;
			containerPortal = C72C870C1559123A001EF047 /* yajl.xcodeproj */;
			proxyType = 2;
			remoteGlobalIDString = C72C86A91559113E001EF047;
			remoteInfo = yajl;
		};
		C72C87B615591517001EF047 /* PBXContainerItemProxy */ = {
			isa = PBXContainerItemProxy;
			containerPortal = C78B8E281558A82A00B8E5CE /* GLMath.xcodeproj */;
			proxyType = 2;
			remoteGlobalIDString = C70EA30314AC9780009D29C6;
			remoteInfo = "Static Library";
		};
		C72C87B815591517001EF047 /* PBXContainerItemProxy */ = {
			isa = PBXContainerItemProxy;
			containerPortal = C78B8E281558A82A00B8E5CE /* GLMath.xcodeproj */;
			proxyType = 2;
			remoteGlobalIDString = C7622AF714D085B60093DDD0;
			remoteInfo = Framework;
		};
		C72C87C11559151F001EF047 /* PBXContainerItemProxy */ = {
			isa = PBXContainerItemProxy;
			containerPortal = C72C87BA1559151F001EF047 /* mxml.xcodeproj */;
			proxyType = 2;
			remoteGlobalIDString = C72C872015591261001EF047;
			remoteInfo = mxml;
		};
		C72C87CA15591524001EF047 /* PBXContainerItemProxy */ = {
			isa = PBXContainerItemProxy;
			containerPortal = C72C87C315591524001EF047 /* libpng.xcodeproj */;
			proxyType = 2;
			remoteGlobalIDString = C72C87411559129B001EF047;
			remoteInfo = libpng;
		};
		C72C87CC15591532001EF047 /* PBXContainerItemProxy */ = {
			isa = PBXContainerItemProxy;
			containerPortal = C72C870C1559123A001EF047 /* yajl.xcodeproj */;
			proxyType = 1;
			remoteGlobalIDString = C72C86A81559113E001EF047;
			remoteInfo = yajl;
		};
		C72C87CE15591536001EF047 /* PBXContainerItemProxy */ = {
			isa = PBXContainerItemProxy;
			containerPortal = C78B8E281558A82A00B8E5CE /* GLMath.xcodeproj */;
			proxyType = 1;
			remoteGlobalIDString = C70EA30214AC9780009D29C6;
			remoteInfo = "Static Library";
		};
		C72C87D01559153A001EF047 /* PBXContainerItemProxy */ = {
			isa = PBXContainerItemProxy;
			containerPortal = C72C87BA1559151F001EF047 /* mxml.xcodeproj */;
			proxyType = 1;
			remoteGlobalIDString = C72C871F15591261001EF047;
			remoteInfo = mxml;
		};
		C72C87D21559153D001EF047 /* PBXContainerItemProxy */ = {
			isa = PBXContainerItemProxy;
			containerPortal = C72C87C315591524001EF047 /* libpng.xcodeproj */;
			proxyType = 1;
			remoteGlobalIDString = C72C87401559129B001EF047;
			remoteInfo = libpng;
		};
		C72C87D81559155E001EF047 /* PBXContainerItemProxy */ = {
			isa = PBXContainerItemProxy;
			containerPortal = C78B8E281558A82A00B8E5CE /* GLMath.xcodeproj */;
			proxyType = 1;
			remoteGlobalIDString = C7622AF614D085B60093DDD0;
			remoteInfo = Framework;
		};
		C7650D39155B628000A0C86D /* PBXContainerItemProxy */ = {
			isa = PBXContainerItemProxy;
			containerPortal = C7650D2F155B628000A0C86D /* Chipmunk6.xcodeproj */;
			proxyType = 2;
			remoteGlobalIDString = D3E5F0490AA32FDE004E361B;
			remoteInfo = ChipmunkDemo;
		};
		C7650D3B155B628000A0C86D /* PBXContainerItemProxy */ = {
			isa = PBXContainerItemProxy;
			containerPortal = C7650D2F155B628000A0C86D /* Chipmunk6.xcodeproj */;
			proxyType = 2;
			remoteGlobalIDString = D34963BB0B56CAA300CAD239;
			remoteInfo = ChipmunkStatic;
		};
		C7650D3D155B628000A0C86D /* PBXContainerItemProxy */ = {
			isa = PBXContainerItemProxy;
			containerPortal = C7650D2F155B628000A0C86D /* Chipmunk6.xcodeproj */;
			proxyType = 2;
			remoteGlobalIDString = D3C3787A11063B1B003EF1D9;
			remoteInfo = "ChipmunkStatic-iPhone";
		};
		C7650D41155B629300A0C86D /* PBXContainerItemProxy */ = {
			isa = PBXContainerItemProxy;
			containerPortal = C7650D2F155B628000A0C86D /* Chipmunk6.xcodeproj */;
			proxyType = 1;
			remoteGlobalIDString = D3C3787911063B1B003EF1D9;
			remoteInfo = "ChipmunkStatic-iPhone";
		};
		C7650D44155B62A100A0C86D /* PBXContainerItemProxy */ = {
			isa = PBXContainerItemProxy;
			containerPortal = C7650D2F155B628000A0C86D /* Chipmunk6.xcodeproj */;
			proxyType = 1;
			remoteGlobalIDString = D34963BA0B56CAA300CAD239;
			remoteInfo = ChipmunkStatic;
		};
/* End PBXContainerItemProxy section */

/* Begin PBXFileReference section */
		C71E0B6C155A40E000CB6F37 /* Accelerate.framework */ = {isa = PBXFileReference; lastKnownFileType = wrapper.framework; name = Accelerate.framework; path = Platforms/iPhoneOS.platform/Developer/SDKs/iPhoneOS5.1.sdk/System/Library/Frameworks/Accelerate.framework; sourceTree = DEVELOPER_DIR; };
		C71E0B6E155A40E500CB6F37 /* AVFoundation.framework */ = {isa = PBXFileReference; lastKnownFileType = wrapper.framework; name = AVFoundation.framework; path = Platforms/iPhoneOS.platform/Developer/SDKs/iPhoneOS5.1.sdk/System/Library/Frameworks/AVFoundation.framework; sourceTree = DEVELOPER_DIR; };
		C71E0B70155A40E900CB6F37 /* CoreGraphics.framework */ = {isa = PBXFileReference; lastKnownFileType = wrapper.framework; name = CoreGraphics.framework; path = Platforms/iPhoneOS.platform/Developer/SDKs/iPhoneOS5.1.sdk/System/Library/Frameworks/CoreGraphics.framework; sourceTree = DEVELOPER_DIR; };
		C71E0B72155A40F300CB6F37 /* AudioToolbox.framework */ = {isa = PBXFileReference; lastKnownFileType = wrapper.framework; name = AudioToolbox.framework; path = Platforms/iPhoneOS.platform/Developer/SDKs/iPhoneOS5.1.sdk/System/Library/Frameworks/AudioToolbox.framework; sourceTree = DEVELOPER_DIR; };
		C71E0B74155A40F700CB6F37 /* OpenGLES.framework */ = {isa = PBXFileReference; lastKnownFileType = wrapper.framework; name = OpenGLES.framework; path = Platforms/iPhoneOS.platform/Developer/SDKs/iPhoneOS5.1.sdk/System/Library/Frameworks/OpenGLES.framework; sourceTree = DEVELOPER_DIR; };
		C72C870C1559123A001EF047 /* yajl.xcodeproj */ = {isa = PBXFileReference; lastKnownFileType = "wrapper.pb-project"; name = yajl.xcodeproj; path = yajl/yajl.xcodeproj; sourceTree = "<group>"; };
		C72C87BA1559151F001EF047 /* mxml.xcodeproj */ = {isa = PBXFileReference; lastKnownFileType = "wrapper.pb-project"; name = mxml.xcodeproj; path = mxml/mxml.xcodeproj; sourceTree = "<group>"; };
		C72C87C315591524001EF047 /* libpng.xcodeproj */ = {isa = PBXFileReference; lastKnownFileType = "wrapper.pb-project"; name = libpng.xcodeproj; path = png/libpng.xcodeproj; sourceTree = "<group>"; };
		C734C80215609DE000C49454 /* libluajit_ios.a */ = {isa = PBXFileReference; lastKnownFileType = archive.ar; name = libluajit_ios.a; path = Dependencies/LuaJIT/libluajit_ios.a; sourceTree = "<group>"; };
		C73EFC4C155A412400FD64CA /* Foundation.framework */ = {isa = PBXFileReference; lastKnownFileType = wrapper.framework; name = Foundation.framework; path = Platforms/iPhoneOS.platform/Developer/SDKs/iPhoneOS5.1.sdk/System/Library/Frameworks/Foundation.framework; sourceTree = DEVELOPER_DIR; };
		C73EFC4E155A41CB00FD64CA /* AVFoundation.framework */ = {isa = PBXFileReference; lastKnownFileType = wrapper.framework; name = AVFoundation.framework; path = Platforms/MacOSX.platform/Developer/SDKs/MacOSX10.7.sdk/System/Library/Frameworks/AVFoundation.framework; sourceTree = DEVELOPER_DIR; };
		C73EFC50155A421700FD64CA /* OpenAL.framework */ = {isa = PBXFileReference; lastKnownFileType = wrapper.framework; name = OpenAL.framework; path = Platforms/MacOSX.platform/Developer/SDKs/MacOSX10.7.sdk/System/Library/Frameworks/OpenAL.framework; sourceTree = DEVELOPER_DIR; };
		C73EFC53155A422B00FD64CA /* OpenGL.framework */ = {isa = PBXFileReference; lastKnownFileType = wrapper.framework; name = OpenGL.framework; path = Platforms/MacOSX.platform/Developer/SDKs/MacOSX10.7.sdk/System/Library/Frameworks/OpenGL.framework; sourceTree = DEVELOPER_DIR; };
		C73EFC55155A423000FD64CA /* Accelerate.framework */ = {isa = PBXFileReference; lastKnownFileType = wrapper.framework; name = Accelerate.framework; path = Platforms/MacOSX.platform/Developer/SDKs/MacOSX10.7.sdk/System/Library/Frameworks/Accelerate.framework; sourceTree = DEVELOPER_DIR; };
		C73EFC57155A423700FD64CA /* ApplicationServices.framework */ = {isa = PBXFileReference; lastKnownFileType = wrapper.framework; name = ApplicationServices.framework; path = Platforms/MacOSX.platform/Developer/SDKs/MacOSX10.7.sdk/System/Library/Frameworks/ApplicationServices.framework; sourceTree = DEVELOPER_DIR; };
		C73EFC59155A424000FD64CA /* AudioToolbox.framework */ = {isa = PBXFileReference; lastKnownFileType = wrapper.framework; name = AudioToolbox.framework; path = Platforms/MacOSX.platform/Developer/SDKs/MacOSX10.7.sdk/System/Library/Frameworks/AudioToolbox.framework; sourceTree = DEVELOPER_DIR; };
		C73EFC5D155A427800FD64CA /* Foundation.framework */ = {isa = PBXFileReference; lastKnownFileType = wrapper.framework; name = Foundation.framework; path = Platforms/MacOSX.platform/Developer/SDKs/MacOSX10.7.sdk/System/Library/Frameworks/Foundation.framework; sourceTree = DEVELOPER_DIR; };
		C75AFCF0153FA9F500FE8623 /* libdynamo.a */ = {isa = PBXFileReference; explicitFileType = archive.ar; includeInIndex = 0; path = libdynamo.a; sourceTree = BUILT_PRODUCTS_DIR; };
		C7650D2F155B628000A0C86D /* Chipmunk6.xcodeproj */ = {isa = PBXFileReference; lastKnownFileType = "wrapper.pb-project"; name = Chipmunk6.xcodeproj; path = Chipmunk/xcode/Chipmunk6.xcodeproj; sourceTree = "<group>"; };
		C7650D47155B640B00A0C86D /* world.c */ = {isa = PBXFileReference; fileEncoding = 4; lastKnownFileType = sourcecode.c.c; name = world.c; path = Source/world.c; sourceTree = SOURCE_ROOT; };
		C7650D48155B640B00A0C86D /* world.h */ = {isa = PBXFileReference; fileEncoding = 4; lastKnownFileType = sourcecode.c.h; name = world.h; path = Source/world.h; sourceTree = SOURCE_ROOT; };
		C78B8D761558A60200B8E5CE /* lauxlib.h */ = {isa = PBXFileReference; fileEncoding = 4; lastKnownFileType = sourcecode.c.h; path = lauxlib.h; sourceTree = "<group>"; };
		C78B8D791558A60200B8E5CE /* lua.h */ = {isa = PBXFileReference; fileEncoding = 4; lastKnownFileType = sourcecode.c.h; path = lua.h; sourceTree = "<group>"; };
		C78B8D7A1558A60200B8E5CE /* luaconf.h */ = {isa = PBXFileReference; fileEncoding = 4; lastKnownFileType = sourcecode.c.h; path = luaconf.h; sourceTree = "<group>"; };
		C78B8D7B1558A60200B8E5CE /* lualib.h */ = {isa = PBXFileReference; fileEncoding = 4; lastKnownFileType = sourcecode.c.h; path = lualib.h; sourceTree = "<group>"; };
		C78B8D851558A67A00B8E5CE /* libluajit_ios.a */ = {isa = PBXFileReference; lastKnownFileType = archive.ar; path = libluajit_ios.a; sourceTree = "<group>"; };
		C78B8D871558A69600B8E5CE /* array.c */ = {isa = PBXFileReference; fileEncoding = 4; lastKnownFileType = sourcecode.c.c; name = array.c; path = Source/array.c; sourceTree = SOURCE_ROOT; };
		C78B8D881558A69600B8E5CE /* array.h */ = {isa = PBXFileReference; fileEncoding = 4; lastKnownFileType = sourcecode.c.h; name = array.h; path = Source/array.h; sourceTree = SOURCE_ROOT; };
		C78B8D891558A69600B8E5CE /* background.c */ = {isa = PBXFileReference; fileEncoding = 4; lastKnownFileType = sourcecode.c.c; name = background.c; path = Source/background.c; sourceTree = SOURCE_ROOT; };
		C78B8D8A1558A69600B8E5CE /* background.h */ = {isa = PBXFileReference; fileEncoding = 4; lastKnownFileType = sourcecode.c.h; name = background.h; path = Source/background.h; sourceTree = SOURCE_ROOT; };
		C78B8D8B1558A69600B8E5CE /* dictionary.c */ = {isa = PBXFileReference; fileEncoding = 4; lastKnownFileType = sourcecode.c.c; name = dictionary.c; path = Source/dictionary.c; sourceTree = SOURCE_ROOT; };
		C78B8D8C1558A69600B8E5CE /* dictionary.h */ = {isa = PBXFileReference; fileEncoding = 4; lastKnownFileType = sourcecode.c.h; name = dictionary.h; path = Source/dictionary.h; sourceTree = SOURCE_ROOT; };
		C78B8D8D1558A69600B8E5CE /* drawutils.c */ = {isa = PBXFileReference; fileEncoding = 4; lastKnownFileType = sourcecode.c.c; name = drawutils.c; path = Source/drawutils.c; sourceTree = SOURCE_ROOT; };
		C78B8D8E1558A69600B8E5CE /* drawutils.h */ = {isa = PBXFileReference; fileEncoding = 4; lastKnownFileType = sourcecode.c.h; name = drawutils.h; path = Source/drawutils.h; sourceTree = SOURCE_ROOT; };
		C78B8D8F1558A69600B8E5CE /* dynamo.h */ = {isa = PBXFileReference; fileEncoding = 4; lastKnownFileType = sourcecode.c.h; name = dynamo.h; path = Source/dynamo.h; sourceTree = SOURCE_ROOT; };
		C78B8D901558A69600B8E5CE /* gametimer.c */ = {isa = PBXFileReference; fileEncoding = 4; lastKnownFileType = sourcecode.c.c; name = gametimer.c; path = Source/gametimer.c; sourceTree = SOURCE_ROOT; };
		C78B8D911558A69600B8E5CE /* gametimer.h */ = {isa = PBXFileReference; fileEncoding = 4; lastKnownFileType = sourcecode.c.h; name = gametimer.h; path = Source/gametimer.h; sourceTree = SOURCE_ROOT; };
		C78B8D921558A69600B8E5CE /* glutils.h */ = {isa = PBXFileReference; fileEncoding = 4; lastKnownFileType = sourcecode.c.h; name = glutils.h; path = Source/glutils.h; sourceTree = SOURCE_ROOT; };
		C78B8D931558A69600B8E5CE /* input.c */ = {isa = PBXFileReference; fileEncoding = 4; lastKnownFileType = sourcecode.c.c; name = input.c; path = Source/input.c; sourceTree = SOURCE_ROOT; };
		C78B8D941558A69600B8E5CE /* input.h */ = {isa = PBXFileReference; fileEncoding = 4; lastKnownFileType = sourcecode.c.h; name = input.h; path = Source/input.h; sourceTree = SOURCE_ROOT; };
		C78B8D951558A69600B8E5CE /* json.c */ = {isa = PBXFileReference; fileEncoding = 4; lastKnownFileType = sourcecode.c.c; name = json.c; path = Source/json.c; sourceTree = SOURCE_ROOT; };
		C78B8D961558A69600B8E5CE /* json.h */ = {isa = PBXFileReference; fileEncoding = 4; lastKnownFileType = sourcecode.c.h; name = json.h; path = Source/json.h; sourceTree = SOURCE_ROOT; };
		C78B8D971558A69600B8E5CE /* linkedlist.c */ = {isa = PBXFileReference; fileEncoding = 4; lastKnownFileType = sourcecode.c.c; name = linkedlist.c; path = Source/linkedlist.c; sourceTree = SOURCE_ROOT; };
		C78B8D981558A69600B8E5CE /* linkedlist.h */ = {isa = PBXFileReference; fileEncoding = 4; lastKnownFileType = sourcecode.c.h; name = linkedlist.h; path = Source/linkedlist.h; sourceTree = SOURCE_ROOT; };
		C78B8D9B1558A69600B8E5CE /* object.c */ = {isa = PBXFileReference; fileEncoding = 4; lastKnownFileType = sourcecode.c.c; name = object.c; path = Source/object.c; sourceTree = SOURCE_ROOT; };
		C78B8D9C1558A69600B8E5CE /* object.h */ = {isa = PBXFileReference; fileEncoding = 4; lastKnownFileType = sourcecode.c.h; name = object.h; path = Source/object.h; sourceTree = SOURCE_ROOT; };
		C78B8D9F1558A69600B8E5CE /* png_loader.c */ = {isa = PBXFileReference; fileEncoding = 4; lastKnownFileType = sourcecode.c.c; name = png_loader.c; path = Source/png_loader.c; sourceTree = SOURCE_ROOT; };
		C78B8DA01558A69600B8E5CE /* png_loader.h */ = {isa = PBXFileReference; fileEncoding = 4; lastKnownFileType = sourcecode.c.h; name = png_loader.h; path = Source/png_loader.h; sourceTree = SOURCE_ROOT; };
		C78B8DA11558A69600B8E5CE /* primitive_types.c */ = {isa = PBXFileReference; fileEncoding = 4; lastKnownFileType = sourcecode.c.c; name = primitive_types.c; path = Source/primitive_types.c; sourceTree = SOURCE_ROOT; };
		C78B8DA21558A69600B8E5CE /* primitive_types.h */ = {isa = PBXFileReference; fileEncoding = 4; lastKnownFileType = sourcecode.c.h; name = primitive_types.h; path = Source/primitive_types.h; sourceTree = SOURCE_ROOT; };
		C78B8DA31558A69600B8E5CE /* renderer.c */ = {isa = PBXFileReference; fileEncoding = 4; lastKnownFileType = sourcecode.c.c; name = renderer.c; path = Source/renderer.c; sourceTree = SOURCE_ROOT; };
		C78B8DA41558A69600B8E5CE /* renderer.h */ = {isa = PBXFileReference; fileEncoding = 4; lastKnownFileType = sourcecode.c.h; name = renderer.h; path = Source/renderer.h; sourceTree = SOURCE_ROOT; };
		C78B8DA51558A69600B8E5CE /* scene.c */ = {isa = PBXFileReference; fileEncoding = 4; lastKnownFileType = sourcecode.c.c; name = scene.c; path = Source/scene.c; sourceTree = SOURCE_ROOT; };
		C78B8DA61558A69600B8E5CE /* scene.h */ = {isa = PBXFileReference; fileEncoding = 4; lastKnownFileType = sourcecode.c.h; name = scene.h; path = Source/scene.h; sourceTree = SOURCE_ROOT; };
		C78B8DA71558A69600B8E5CE /* shader.c */ = {isa = PBXFileReference; fileEncoding = 4; lastKnownFileType = sourcecode.c.c; name = shader.c; path = Source/shader.c; sourceTree = SOURCE_ROOT; };
		C78B8DA81558A69600B8E5CE /* shader.h */ = {isa = PBXFileReference; fileEncoding = 4; lastKnownFileType = sourcecode.c.h; name = shader.h; path = Source/shader.h; sourceTree = SOURCE_ROOT; };
		C78B8DA91558A69600B8E5CE /* sound_apple.m */ = {isa = PBXFileReference; fileEncoding = 4; lastKnownFileType = sourcecode.c.objc; name = sound_apple.m; path = Source/sound_apple.m; sourceTree = SOURCE_ROOT; };
		C78B8DAA1558A69600B8E5CE /* sound.h */ = {isa = PBXFileReference; fileEncoding = 4; lastKnownFileType = sourcecode.c.h; name = sound.h; path = Source/sound.h; sourceTree = SOURCE_ROOT; };
		C78B8DAB1558A69600B8E5CE /* sprite.c */ = {isa = PBXFileReference; fileEncoding = 4; lastKnownFileType = sourcecode.c.c; name = sprite.c; path = Source/sprite.c; sourceTree = SOURCE_ROOT; };
		C78B8DAC1558A69600B8E5CE /* sprite.h */ = {isa = PBXFileReference; fileEncoding = 4; lastKnownFileType = sourcecode.c.h; name = sprite.h; path = Source/sprite.h; sourceTree = SOURCE_ROOT; };
		C78B8DAD1558A69600B8E5CE /* texture_atlas.c */ = {isa = PBXFileReference; fileEncoding = 4; lastKnownFileType = sourcecode.c.c; name = texture_atlas.c; path = Source/texture_atlas.c; sourceTree = SOURCE_ROOT; };
		C78B8DAE1558A69600B8E5CE /* texture_atlas.h */ = {isa = PBXFileReference; fileEncoding = 4; lastKnownFileType = sourcecode.c.h; name = texture_atlas.h; path = Source/texture_atlas.h; sourceTree = SOURCE_ROOT; };
		C78B8DAF1558A69600B8E5CE /* texture.c */ = {isa = PBXFileReference; fileEncoding = 4; lastKnownFileType = sourcecode.c.c; name = texture.c; path = Source/texture.c; sourceTree = SOURCE_ROOT; };
		C78B8DB01558A69600B8E5CE /* texture.h */ = {isa = PBXFileReference; fileEncoding = 4; lastKnownFileType = sourcecode.c.h; name = texture.h; path = Source/texture.h; sourceTree = SOURCE_ROOT; };
		C78B8DB11558A69600B8E5CE /* tmx_map.c */ = {isa = PBXFileReference; fileEncoding = 4; lastKnownFileType = sourcecode.c.c; name = tmx_map.c; path = Source/tmx_map.c; sourceTree = SOURCE_ROOT; };
		C78B8DB21558A69600B8E5CE /* tmx_map.h */ = {isa = PBXFileReference; fileEncoding = 4; lastKnownFileType = sourcecode.c.h; name = tmx_map.h; path = Source/tmx_map.h; sourceTree = SOURCE_ROOT; };
		C78B8DB31558A69600B8E5CE /* util.c */ = {isa = PBXFileReference; fileEncoding = 4; lastKnownFileType = sourcecode.c.c; name = util.c; path = Source/util.c; sourceTree = SOURCE_ROOT; };
		C78B8DB41558A69600B8E5CE /* util.h */ = {isa = PBXFileReference; fileEncoding = 4; lastKnownFileType = sourcecode.c.h; name = util.h; path = Source/util.h; sourceTree = SOURCE_ROOT; };
		C78B8DE81558A6ED00B8E5CE /* Dynamo.framework */ = {isa = PBXFileReference; explicitFileType = wrapper.framework; includeInIndex = 0; path = Dynamo.framework; sourceTree = BUILT_PRODUCTS_DIR; };
		C78B8DF11558A6ED00B8E5CE /* Dynamo-Info.plist */ = {isa = PBXFileReference; lastKnownFileType = text.plist.xml; path = "Dynamo-Info.plist"; sourceTree = "<group>"; };
		C78B8DF31558A6ED00B8E5CE /* en */ = {isa = PBXFileReference; lastKnownFileType = text.plist.strings; name = en; path = en.lproj/InfoPlist.strings; sourceTree = "<group>"; };
		C78B8E261558A78800B8E5CE /* libpng15.15.dylib */ = {isa = PBXFileReference; lastKnownFileType = "compiled.mach-o.dylib"; name = libpng15.15.dylib; path = /usr/X11/lib/libpng15.15.dylib; sourceTree = "<absolute>"; };
		C78B8E281558A82A00B8E5CE /* GLMath.xcodeproj */ = {isa = PBXFileReference; lastKnownFileType = "wrapper.pb-project"; name = GLMath.xcodeproj; path = GLMath/GLMath.xcodeproj; sourceTree = "<group>"; };
		C78B8E451558AB5500B8E5CE /* libyajl_s.a */ = {isa = PBXFileReference; lastKnownFileType = archive.ar; name = libyajl_s.a; path = /usr/local/Cellar/yajl/2.0.4/lib/libyajl_s.a; sourceTree = "<absolute>"; };
		C78B8E471558AB6D00B8E5CE /* libmxml.a */ = {isa = PBXFileReference; lastKnownFileType = archive.ar; name = libmxml.a; path = /usr/local/Cellar/libmxml/2.6/lib/libmxml.a; sourceTree = "<absolute>"; };
		C799E481155908780009C0A7 /* libluajit-5.1.a */ = {isa = PBXFileReference; lastKnownFileType = archive.ar; name = "libluajit-5.1.a"; path = "/usr/local/lib/libluajit-5.1.a"; sourceTree = "<absolute>"; };
		C7A190F315469C1900B266A6 /* Shaders */ = {isa = PBXFileReference; lastKnownFileType = folder; path = Shaders; sourceTree = SOURCE_ROOT; };
/* End PBXFileReference section */

/* Begin PBXFrameworksBuildPhase section */
		C75AFCED153FA9F500FE8623 /* Frameworks */ = {
			isa = PBXFrameworksBuildPhase;
			buildActionMask = 2147483647;
			files = (
				C7650D43155B629900A0C86D /* libChipmunk-iPhone.a in Frameworks */,
				C73EFC4D155A412400FD64CA /* Foundation.framework in Frameworks */,
				C71E0B75155A40F700CB6F37 /* OpenGLES.framework in Frameworks */,
				C71E0B73155A40F300CB6F37 /* AudioToolbox.framework in Frameworks */,
				C71E0B71155A40E900CB6F37 /* CoreGraphics.framework in Frameworks */,
				C71E0B6F155A40E500CB6F37 /* AVFoundation.framework in Frameworks */,
				C72C87D415591547001EF047 /* libglmath.a in Frameworks */,
				C72C87D515591547001EF047 /* liblibpng.a in Frameworks */,
				C72C87D615591547001EF047 /* libmxml.a in Frameworks */,
				C72C87D715591547001EF047 /* libyajl.a in Frameworks */,
				C734C80315609DE000C49454 /* libluajit_ios.a in Frameworks */,
			);
			runOnlyForDeploymentPostprocessing = 0;
		};
		C78B8DE41558A6ED00B8E5CE /* Frameworks */ = {
			isa = PBXFrameworksBuildPhase;
			buildActionMask = 2147483647;
			files = (
				C7650D46155B62AD00A0C86D /* libChipmunk.a in Frameworks */,
				C73EFC5E155A427800FD64CA /* Foundation.framework in Frameworks */,
				C73EFC5A155A424000FD64CA /* AudioToolbox.framework in Frameworks */,
				C73EFC58155A423700FD64CA /* ApplicationServices.framework in Frameworks */,
				C73EFC56155A423000FD64CA /* Accelerate.framework in Frameworks */,
				C73EFC54155A422C00FD64CA /* OpenGL.framework in Frameworks */,
				C73EFC51155A421700FD64CA /* OpenAL.framework in Frameworks */,
				C73EFC4F155A41CB00FD64CA /* AVFoundation.framework in Frameworks */,
				C78B8E271558A78800B8E5CE /* libpng15.15.dylib in Frameworks */,
				C72C87DA15591564001EF047 /* GLMath.framework in Frameworks */,
				C799E482155908780009C0A7 /* libluajit-5.1.a in Frameworks */,
				C78B8E481558AB6D00B8E5CE /* libmxml.a in Frameworks */,
				C78B8E461558AB5500B8E5CE /* libyajl_s.a in Frameworks */,
			);
			runOnlyForDeploymentPostprocessing = 0;
		};
/* End PBXFrameworksBuildPhase section */

/* Begin PBXGroup section */
		C72C870D1559123A001EF047 /* Products */ = {
			isa = PBXGroup;
			children = (
				C72C87141559123A001EF047 /* libyajl.a */,
			);
			name = Products;
			sourceTree = "<group>";
		};
		C72C87B115591517001EF047 /* Products */ = {
			isa = PBXGroup;
			children = (
				C72C87B715591517001EF047 /* libglmath.a */,
				C72C87B915591517001EF047 /* GLMath.framework */,
			);
			name = Products;
			sourceTree = "<group>";
		};
		C72C87BB1559151F001EF047 /* Products */ = {
			isa = PBXGroup;
			children = (
				C72C87C21559151F001EF047 /* libmxml.a */,
			);
			name = Products;
			sourceTree = "<group>";
		};
		C72C87C415591524001EF047 /* Products */ = {
			isa = PBXGroup;
			children = (
				C72C87CB15591524001EF047 /* liblibpng.a */,
			);
			name = Products;
			sourceTree = "<group>";
		};
		C73EFC52155A421D00FD64CA /* iOS Frameworks */ = {
			isa = PBXGroup;
			children = (
				C734C80215609DE000C49454 /* libluajit_ios.a */,
				C73EFC4C155A412400FD64CA /* Foundation.framework */,
				C71E0B74155A40F700CB6F37 /* OpenGLES.framework */,
				C71E0B72155A40F300CB6F37 /* AudioToolbox.framework */,
				C71E0B70155A40E900CB6F37 /* CoreGraphics.framework */,
				C71E0B6E155A40E500CB6F37 /* AVFoundation.framework */,
				C71E0B6C155A40E000CB6F37 /* Accelerate.framework */,
			);
			name = "iOS Frameworks";
			sourceTree = "<group>";
		};
		C73EFC5F155A428400FD64CA /* Mac Frameworks */ = {
			isa = PBXGroup;
			children = (
				C799E481155908780009C0A7 /* libluajit-5.1.a */,
				C78B8E471558AB6D00B8E5CE /* libmxml.a */,
				C78B8E451558AB5500B8E5CE /* libyajl_s.a */,
				C78B8E261558A78800B8E5CE /* libpng15.15.dylib */,
				C73EFC5D155A427800FD64CA /* Foundation.framework */,
				C73EFC59155A424000FD64CA /* AudioToolbox.framework */,
				C73EFC57155A423700FD64CA /* ApplicationServices.framework */,
				C73EFC55155A423000FD64CA /* Accelerate.framework */,
				C73EFC53155A422B00FD64CA /* OpenGL.framework */,
				C73EFC50155A421700FD64CA /* OpenAL.framework */,
				C73EFC4E155A41CB00FD64CA /* AVFoundation.framework */,
			);
			name = "Mac Frameworks";
			sourceTree = "<group>";
		};
		C75AFCE0153FA9D800FE8623 = {
			isa = PBXGroup;
			children = (
				C75AFCF5153FA9F500FE8623 /* Dynamo */,
				C7A1903315469BC200B266A6 /* Dependencies */,
				C73EFC5F155A428400FD64CA /* Mac Frameworks */,
				C73EFC52155A421D00FD64CA /* iOS Frameworks */,
				C78B8DF01558A6ED00B8E5CE /* Supporting Files (Mac Framework) */,
				C75AFCF1153FA9F500FE8623 /* Products */,
			);
			sourceTree = "<group>";
		};
		C75AFCF1153FA9F500FE8623 /* Products */ = {
			isa = PBXGroup;
			children = (
				C75AFCF0153FA9F500FE8623 /* libdynamo.a */,
				C78B8DE81558A6ED00B8E5CE /* Dynamo.framework */,
			);
			name = Products;
			sourceTree = "<group>";
		};
		C75AFCF5153FA9F500FE8623 /* Dynamo */ = {
			isa = PBXGroup;
			children = (
				C78B8D8F1558A69600B8E5CE /* dynamo.h */,
				C7650D48155B640B00A0C86D /* world.h */,
				C7650D47155B640B00A0C86D /* world.c */,
				C78B8D881558A69600B8E5CE /* array.h */,
				C78B8D871558A69600B8E5CE /* array.c */,
				C78B8D8A1558A69600B8E5CE /* background.h */,
				C78B8D891558A69600B8E5CE /* background.c */,
				C78B8D8C1558A69600B8E5CE /* dictionary.h */,
				C78B8D8B1558A69600B8E5CE /* dictionary.c */,
				C78B8D8E1558A69600B8E5CE /* drawutils.h */,
				C78B8D8D1558A69600B8E5CE /* drawutils.c */,
				C78B8D911558A69600B8E5CE /* gametimer.h */,
				C78B8D901558A69600B8E5CE /* gametimer.c */,
				C78B8D941558A69600B8E5CE /* input.h */,
				C78B8D931558A69600B8E5CE /* input.c */,
				C78B8D961558A69600B8E5CE /* json.h */,
				C78B8D951558A69600B8E5CE /* json.c */,
				C78B8D981558A69600B8E5CE /* linkedlist.h */,
				C78B8D971558A69600B8E5CE /* linkedlist.c */,
				C78B8D9C1558A69600B8E5CE /* object.h */,
				C78B8D9B1558A69600B8E5CE /* object.c */,
				C78B8DA01558A69600B8E5CE /* png_loader.h */,
				C78B8D9F1558A69600B8E5CE /* png_loader.c */,
				C78B8DA21558A69600B8E5CE /* primitive_types.h */,
				C78B8DA11558A69600B8E5CE /* primitive_types.c */,
				C78B8DA41558A69600B8E5CE /* renderer.h */,
				C78B8DA31558A69600B8E5CE /* renderer.c */,
				C78B8DA61558A69600B8E5CE /* scene.h */,
				C78B8DA51558A69600B8E5CE /* scene.c */,
				C78B8DA81558A69600B8E5CE /* shader.h */,
				C78B8DA71558A69600B8E5CE /* shader.c */,
				C78B8DAA1558A69600B8E5CE /* sound.h */,
				C78B8DA91558A69600B8E5CE /* sound_apple.m */,
				C78B8DAC1558A69600B8E5CE /* sprite.h */,
				C78B8DAB1558A69600B8E5CE /* sprite.c */,
				C78B8DAE1558A69600B8E5CE /* texture_atlas.h */,
				C78B8DAD1558A69600B8E5CE /* texture_atlas.c */,
				C78B8DB01558A69600B8E5CE /* texture.h */,
				C78B8DAF1558A69600B8E5CE /* texture.c */,
				C78B8DB21558A69600B8E5CE /* tmx_map.h */,
				C78B8DB11558A69600B8E5CE /* tmx_map.c */,
				C78B8DB41558A69600B8E5CE /* util.h */,
				C78B8DB31558A69600B8E5CE /* util.c */,
				C78B8D921558A69600B8E5CE /* glutils.h */,
				C7A190F315469C1900B266A6 /* Shaders */,
			);
			path = Dynamo;
			sourceTree = "<group>";
		};
		C7650D30155B628000A0C86D /* Products */ = {
			isa = PBXGroup;
			children = (
				C7650D3A155B628000A0C86D /* ChipmunkDemo.app */,
				C7650D3C155B628000A0C86D /* libChipmunk.a */,
				C7650D3E155B628000A0C86D /* libChipmunk-iPhone.a */,
			);
			name = Products;
			sourceTree = "<group>";
		};
		C78B8D751558A60200B8E5CE /* LuaJIT */ = {
			isa = PBXGroup;
			children = (
				C78B8D851558A67A00B8E5CE /* libluajit_ios.a */,
				C78B8D761558A60200B8E5CE /* lauxlib.h */,
				C78B8D791558A60200B8E5CE /* lua.h */,
				C78B8D7A1558A60200B8E5CE /* luaconf.h */,
				C78B8D7B1558A60200B8E5CE /* lualib.h */,
			);
			path = LuaJIT;
			sourceTree = "<group>";
		};
		C78B8DF01558A6ED00B8E5CE /* Supporting Files (Mac Framework) */ = {
			isa = PBXGroup;
			children = (
				C78B8DF11558A6ED00B8E5CE /* Dynamo-Info.plist */,
				C78B8DF21558A6ED00B8E5CE /* InfoPlist.strings */,
			);
			name = "Supporting Files (Mac Framework)";
			path = "Framework Resources";
			sourceTree = "<group>";
		};
		C7A1903315469BC200B266A6 /* Dependencies */ = {
			isa = PBXGroup;
			children = (
				C7650D2F155B628000A0C86D /* Chipmunk6.xcodeproj */,
				C72C87C315591524001EF047 /* libpng.xcodeproj */,
				C72C87BA1559151F001EF047 /* mxml.xcodeproj */,
				C72C870C1559123A001EF047 /* yajl.xcodeproj */,
				C78B8E281558A82A00B8E5CE /* GLMath.xcodeproj */,
				C78B8D751558A60200B8E5CE /* LuaJIT */,
			);
			path = Dependencies;
			sourceTree = "<group>";
		};
/* End PBXGroup section */

/* Begin PBXHeadersBuildPhase section */
		C75AFCEE153FA9F500FE8623 /* Headers */ = {
			isa = PBXHeadersBuildPhase;
			buildActionMask = 2147483647;
			files = (
				C78B8D7C1558A60200B8E5CE /* lauxlib.h in Headers */,
				C78B8D7F1558A60200B8E5CE /* lua.h in Headers */,
				C78B8D801558A60200B8E5CE /* luaconf.h in Headers */,
				C78B8D811558A60200B8E5CE /* lualib.h in Headers */,
				C78B8DB61558A69600B8E5CE /* array.h in Headers */,
				C78B8DB81558A69600B8E5CE /* background.h in Headers */,
				C78B8DBA1558A69600B8E5CE /* dictionary.h in Headers */,
				C78B8DBC1558A69700B8E5CE /* drawutils.h in Headers */,
				C78B8DBD1558A69700B8E5CE /* dynamo.h in Headers */,
				C78B8DBF1558A69700B8E5CE /* gametimer.h in Headers */,
				C78B8DC01558A69700B8E5CE /* glutils.h in Headers */,
				C78B8DC21558A69700B8E5CE /* input.h in Headers */,
				C78B8DC41558A69700B8E5CE /* json.h in Headers */,
				C78B8DC61558A69700B8E5CE /* linkedlist.h in Headers */,
				C78B8DCA1558A69700B8E5CE /* object.h in Headers */,
				C78B8DCE1558A69700B8E5CE /* png_loader.h in Headers */,
				C78B8DD01558A69700B8E5CE /* primitive_types.h in Headers */,
				C78B8DD21558A69700B8E5CE /* renderer.h in Headers */,
				C78B8DD41558A69700B8E5CE /* scene.h in Headers */,
				C78B8DD61558A69700B8E5CE /* shader.h in Headers */,
				C78B8DD81558A69700B8E5CE /* sound.h in Headers */,
				C78B8DDA1558A69700B8E5CE /* sprite.h in Headers */,
				C78B8DDC1558A69700B8E5CE /* texture_atlas.h in Headers */,
				C78B8DDE1558A69700B8E5CE /* texture.h in Headers */,
				C78B8DE01558A69700B8E5CE /* tmx_map.h in Headers */,
				C78B8DE21558A69700B8E5CE /* util.h in Headers */,
				C7650D4B155B640B00A0C86D /* world.h in Headers */,
			);
			runOnlyForDeploymentPostprocessing = 0;
		};
		C78B8DE51558A6ED00B8E5CE /* Headers */ = {
			isa = PBXHeadersBuildPhase;
			buildActionMask = 2147483647;
			files = (
				C78B8DFD1558A75000B8E5CE /* array.h in Headers */,
				C78B8DFF1558A75000B8E5CE /* background.h in Headers */,
				C78B8E011558A75000B8E5CE /* dictionary.h in Headers */,
				C78B8E031558A75000B8E5CE /* drawutils.h in Headers */,
				C78B8E041558A75000B8E5CE /* dynamo.h in Headers */,
				C78B8E061558A75000B8E5CE /* gametimer.h in Headers */,
				C78B8E071558A75000B8E5CE /* glutils.h in Headers */,
				C78B8E091558A75000B8E5CE /* input.h in Headers */,
				C78B8E0B1558A75000B8E5CE /* json.h in Headers */,
				C78B8E0D1558A75000B8E5CE /* linkedlist.h in Headers */,
				C78B8E0F1558A75000B8E5CE /* object.h in Headers */,
				C78B8E111558A75000B8E5CE /* png_loader.h in Headers */,
				C78B8E131558A75000B8E5CE /* primitive_types.h in Headers */,
				C78B8E151558A75000B8E5CE /* renderer.h in Headers */,
				C78B8E171558A75000B8E5CE /* scene.h in Headers */,
				C78B8E191558A75000B8E5CE /* shader.h in Headers */,
				C78B8E1B1558A75000B8E5CE /* sound.h in Headers */,
				C78B8E1D1558A75000B8E5CE /* sprite.h in Headers */,
				C78B8E1F1558A75000B8E5CE /* texture_atlas.h in Headers */,
				C78B8E211558A75000B8E5CE /* texture.h in Headers */,
				C78B8E231558A75000B8E5CE /* tmx_map.h in Headers */,
				C78B8E251558A75000B8E5CE /* util.h in Headers */,
				C7650D4C155B640B00A0C86D /* world.h in Headers */,
			);
			runOnlyForDeploymentPostprocessing = 0;
		};
/* End PBXHeadersBuildPhase section */

/* Begin PBXNativeTarget section */
		C75AFCEF153FA9F500FE8623 /* Dynamo - iOS */ = {
			isa = PBXNativeTarget;
			buildConfigurationList = C75AFCFD153FA9F500FE8623 /* Build configuration list for PBXNativeTarget "Dynamo - iOS" */;
			buildPhases = (
				C75AFCEC153FA9F500FE8623 /* Sources */,
				C75AFCED153FA9F500FE8623 /* Frameworks */,
				C75AFCEE153FA9F500FE8623 /* Headers */,
			);
			buildRules = (
			);
			dependencies = (
				C7650D42155B629300A0C86D /* PBXTargetDependency */,
				C72C87D31559153D001EF047 /* PBXTargetDependency */,
				C72C87D11559153A001EF047 /* PBXTargetDependency */,
				C72C87CF15591536001EF047 /* PBXTargetDependency */,
				C72C87CD15591532001EF047 /* PBXTargetDependency */,
			);
			name = "Dynamo - iOS";
			productName = Dynamo;
			productReference = C75AFCF0153FA9F500FE8623 /* libdynamo.a */;
			productType = "com.apple.product-type.library.static";
		};
		C78B8DE71558A6ED00B8E5CE /* Dynamo - Mac */ = {
			isa = PBXNativeTarget;
			buildConfigurationList = C78B8DF91558A6ED00B8E5CE /* Build configuration list for PBXNativeTarget "Dynamo - Mac" */;
			buildPhases = (
				C78B8DE31558A6ED00B8E5CE /* Sources */,
				C78B8DE41558A6ED00B8E5CE /* Frameworks */,
				C78B8DE51558A6ED00B8E5CE /* Headers */,
				C78B8DE61558A6ED00B8E5CE /* Resources */,
			);
			buildRules = (
			);
			dependencies = (
				C7650D45155B62A100A0C86D /* PBXTargetDependency */,
				C72C87D91559155E001EF047 /* PBXTargetDependency */,
			);
			name = "Dynamo - Mac";
			productName = Dynamo;
			productReference = C78B8DE81558A6ED00B8E5CE /* Dynamo.framework */;
			productType = "com.apple.product-type.framework";
		};
/* End PBXNativeTarget section */

/* Begin PBXProject section */
		C75AFCE2153FA9D800FE8623 /* Project object */ = {
			isa = PBXProject;
			attributes = {
				LastUpgradeCheck = 0430;
			};
			buildConfigurationList = C75AFCE5153FA9D800FE8623 /* Build configuration list for PBXProject "Dynamo" */;
			compatibilityVersion = "Xcode 3.2";
			developmentRegion = English;
			hasScannedForEncodings = 0;
			knownRegions = (
				en,
			);
			mainGroup = C75AFCE0153FA9D800FE8623;
			productRefGroup = C75AFCF1153FA9F500FE8623 /* Products */;
			projectDirPath = "";
			projectReferences = (
				{
					ProductGroup = C7650D30155B628000A0C86D /* Products */;
					ProjectRef = C7650D2F155B628000A0C86D /* Chipmunk6.xcodeproj */;
				},
				{
					ProductGroup = C72C87B115591517001EF047 /* Products */;
					ProjectRef = C78B8E281558A82A00B8E5CE /* GLMath.xcodeproj */;
				},
				{
					ProductGroup = C72C87C415591524001EF047 /* Products */;
					ProjectRef = C72C87C315591524001EF047 /* libpng.xcodeproj */;
				},
				{
					ProductGroup = C72C87BB1559151F001EF047 /* Products */;
					ProjectRef = C72C87BA1559151F001EF047 /* mxml.xcodeproj */;
				},
				{
					ProductGroup = C72C870D1559123A001EF047 /* Products */;
					ProjectRef = C72C870C1559123A001EF047 /* yajl.xcodeproj */;
				},
			);
			projectRoot = "";
			targets = (
				C75AFCEF153FA9F500FE8623 /* Dynamo - iOS */,
				C78B8DE71558A6ED00B8E5CE /* Dynamo - Mac */,
			);
		};
/* End PBXProject section */

/* Begin PBXReferenceProxy section */
		C72C87141559123A001EF047 /* libyajl.a */ = {
			isa = PBXReferenceProxy;
			fileType = archive.ar;
			path = libyajl.a;
			remoteRef = C72C87131559123A001EF047 /* PBXContainerItemProxy */;
			sourceTree = BUILT_PRODUCTS_DIR;
		};
		C72C87B715591517001EF047 /* libglmath.a */ = {
			isa = PBXReferenceProxy;
			fileType = archive.ar;
			path = libglmath.a;
			remoteRef = C72C87B615591517001EF047 /* PBXContainerItemProxy */;
			sourceTree = BUILT_PRODUCTS_DIR;
		};
		C72C87B915591517001EF047 /* GLMath.framework */ = {
			isa = PBXReferenceProxy;
			fileType = wrapper.framework;
			path = GLMath.framework;
			remoteRef = C72C87B815591517001EF047 /* PBXContainerItemProxy */;
			sourceTree = BUILT_PRODUCTS_DIR;
		};
		C72C87C21559151F001EF047 /* libmxml.a */ = {
			isa = PBXReferenceProxy;
			fileType = archive.ar;
			path = libmxml.a;
			remoteRef = C72C87C11559151F001EF047 /* PBXContainerItemProxy */;
			sourceTree = BUILT_PRODUCTS_DIR;
		};
		C72C87CB15591524001EF047 /* liblibpng.a */ = {
			isa = PBXReferenceProxy;
			fileType = archive.ar;
			path = liblibpng.a;
			remoteRef = C72C87CA15591524001EF047 /* PBXContainerItemProxy */;
			sourceTree = BUILT_PRODUCTS_DIR;
		};
		C7650D3A155B628000A0C86D /* ChipmunkDemo.app */ = {
			isa = PBXReferenceProxy;
			fileType = wrapper.application;
			path = ChipmunkDemo.app;
			remoteRef = C7650D39155B628000A0C86D /* PBXContainerItemProxy */;
			sourceTree = BUILT_PRODUCTS_DIR;
		};
		C7650D3C155B628000A0C86D /* libChipmunk.a */ = {
			isa = PBXReferenceProxy;
			fileType = archive.ar;
			path = libChipmunk.a;
			remoteRef = C7650D3B155B628000A0C86D /* PBXContainerItemProxy */;
			sourceTree = BUILT_PRODUCTS_DIR;
		};
		C7650D3E155B628000A0C86D /* libChipmunk-iPhone.a */ = {
			isa = PBXReferenceProxy;
			fileType = archive.ar;
			path = "libChipmunk-iPhone.a";
			remoteRef = C7650D3D155B628000A0C86D /* PBXContainerItemProxy */;
			sourceTree = BUILT_PRODUCTS_DIR;
		};
/* End PBXReferenceProxy section */

/* Begin PBXResourcesBuildPhase section */
		C78B8DE61558A6ED00B8E5CE /* Resources */ = {
			isa = PBXResourcesBuildPhase;
			buildActionMask = 2147483647;
			files = (
				C78B8DF41558A6ED00B8E5CE /* InfoPlist.strings in Resources */,
			);
			runOnlyForDeploymentPostprocessing = 0;
		};
/* End PBXResourcesBuildPhase section */

/* Begin PBXSourcesBuildPhase section */
		C75AFCEC153FA9F500FE8623 /* Sources */ = {
			isa = PBXSourcesBuildPhase;
			buildActionMask = 2147483647;
			files = (
				C78B8DB51558A69600B8E5CE /* array.c in Sources */,
				C78B8DB71558A69600B8E5CE /* background.c in Sources */,
				C78B8DB91558A69600B8E5CE /* dictionary.c in Sources */,
				C78B8DBB1558A69700B8E5CE /* drawutils.c in Sources */,
				C78B8DBE1558A69700B8E5CE /* gametimer.c in Sources */,
				C78B8DC11558A69700B8E5CE /* input.c in Sources */,
				C78B8DC31558A69700B8E5CE /* json.c in Sources */,
				C78B8DC51558A69700B8E5CE /* linkedlist.c in Sources */,
				C78B8DC91558A69700B8E5CE /* object.c in Sources */,
				C78B8DCD1558A69700B8E5CE /* png_loader.c in Sources */,
				C78B8DCF1558A69700B8E5CE /* primitive_types.c in Sources */,
				C78B8DD11558A69700B8E5CE /* renderer.c in Sources */,
				C78B8DD31558A69700B8E5CE /* scene.c in Sources */,
				C78B8DD51558A69700B8E5CE /* shader.c in Sources */,
				C78B8DD71558A69700B8E5CE /* sound_apple.m in Sources */,
				C78B8DD91558A69700B8E5CE /* sprite.c in Sources */,
				C78B8DDB1558A69700B8E5CE /* texture_atlas.c in Sources */,
				C78B8DDD1558A69700B8E5CE /* texture.c in Sources */,
				C78B8DDF1558A69700B8E5CE /* tmx_map.c in Sources */,
				C78B8DE11558A69700B8E5CE /* util.c in Sources */,
				C7650D49155B640B00A0C86D /* world.c in Sources */,
			);
			runOnlyForDeploymentPostprocessing = 0;
		};
		C78B8DE31558A6ED00B8E5CE /* Sources */ = {
			isa = PBXSourcesBuildPhase;
			buildActionMask = 2147483647;
			files = (
				C78B8DFC1558A75000B8E5CE /* array.c in Sources */,
				C78B8DFE1558A75000B8E5CE /* background.c in Sources */,
				C78B8E001558A75000B8E5CE /* dictionary.c in Sources */,
				C78B8E021558A75000B8E5CE /* drawutils.c in Sources */,
				C78B8E051558A75000B8E5CE /* gametimer.c in Sources */,
				C78B8E081558A75000B8E5CE /* input.c in Sources */,
				C78B8E0A1558A75000B8E5CE /* json.c in Sources */,
				C78B8E0C1558A75000B8E5CE /* linkedlist.c in Sources */,
				C78B8E0E1558A75000B8E5CE /* object.c in Sources */,
				C78B8E101558A75000B8E5CE /* png_loader.c in Sources */,
				C78B8E121558A75000B8E5CE /* primitive_types.c in Sources */,
				C78B8E141558A75000B8E5CE /* renderer.c in Sources */,
				C78B8E161558A75000B8E5CE /* scene.c in Sources */,
				C78B8E181558A75000B8E5CE /* shader.c in Sources */,
				C78B8E1A1558A75000B8E5CE /* sound_apple.m in Sources */,
				C78B8E1C1558A75000B8E5CE /* sprite.c in Sources */,
				C78B8E1E1558A75000B8E5CE /* texture_atlas.c in Sources */,
				C78B8E201558A75000B8E5CE /* texture.c in Sources */,
				C78B8E221558A75000B8E5CE /* tmx_map.c in Sources */,
				C78B8E241558A75000B8E5CE /* util.c in Sources */,
				C7650D4A155B640B00A0C86D /* world.c in Sources */,
			);
			runOnlyForDeploymentPostprocessing = 0;
		};
/* End PBXSourcesBuildPhase section */

/* Begin PBXTargetDependency section */
		C72C87CD15591532001EF047 /* PBXTargetDependency */ = {
			isa = PBXTargetDependency;
			name = yajl;
			targetProxy = C72C87CC15591532001EF047 /* PBXContainerItemProxy */;
		};
		C72C87CF15591536001EF047 /* PBXTargetDependency */ = {
			isa = PBXTargetDependency;
			name = "Static Library";
			targetProxy = C72C87CE15591536001EF047 /* PBXContainerItemProxy */;
		};
		C72C87D11559153A001EF047 /* PBXTargetDependency */ = {
			isa = PBXTargetDependency;
			name = mxml;
			targetProxy = C72C87D01559153A001EF047 /* PBXContainerItemProxy */;
		};
		C72C87D31559153D001EF047 /* PBXTargetDependency */ = {
			isa = PBXTargetDependency;
			name = libpng;
			targetProxy = C72C87D21559153D001EF047 /* PBXContainerItemProxy */;
		};
		C72C87D91559155E001EF047 /* PBXTargetDependency */ = {
			isa = PBXTargetDependency;
			name = Framework;
			targetProxy = C72C87D81559155E001EF047 /* PBXContainerItemProxy */;
		};
		C7650D42155B629300A0C86D /* PBXTargetDependency */ = {
			isa = PBXTargetDependency;
			name = "ChipmunkStatic-iPhone";
			targetProxy = C7650D41155B629300A0C86D /* PBXContainerItemProxy */;
		};
		C7650D45155B62A100A0C86D /* PBXTargetDependency */ = {
			isa = PBXTargetDependency;
			name = ChipmunkStatic;
			targetProxy = C7650D44155B62A100A0C86D /* PBXContainerItemProxy */;
		};
/* End PBXTargetDependency section */

/* Begin PBXVariantGroup section */
		C78B8DF21558A6ED00B8E5CE /* InfoPlist.strings */ = {
			isa = PBXVariantGroup;
			children = (
				C78B8DF31558A6ED00B8E5CE /* en */,
			);
			name = InfoPlist.strings;
			sourceTree = "<group>";
		};
/* End PBXVariantGroup section */

/* Begin XCBuildConfiguration section */
		C75AFCE7153FA9D800FE8623 /* Debug */ = {
			isa = XCBuildConfiguration;
			buildSettings = {
			};
			name = Debug;
		};
		C75AFCE8153FA9D800FE8623 /* Release */ = {
			isa = XCBuildConfiguration;
			buildSettings = {
			};
			name = Release;
		};
		C75AFCFB153FA9F500FE8623 /* Debug */ = {
			isa = XCBuildConfiguration;
			buildSettings = {
				ALWAYS_SEARCH_USER_PATHS = NO;
				ARCHS = "$(ARCHS_STANDARD_32_BIT)";
				COPY_PHASE_STRIP = NO;
				DEAD_CODE_STRIPPING = NO;
				DSTROOT = /tmp/Dynamo.dst;
				FRAMEWORK_SEARCH_PATHS = (
					"$(inherited)",
					"\"$(SRCROOT)/Dependencies/LuaJIT\"",
				);
				GCC_C_LANGUAGE_STANDARD = gnu99;
				GCC_DYNAMIC_NO_PIC = NO;
				GCC_OPTIMIZATION_LEVEL = 0;
				GCC_PREPROCESSOR_DEFINITIONS = (
					"DYNAMO_DEBUG=1",
					"$(inherited)",
				);
				GCC_SYMBOLS_PRIVATE_EXTERN = NO;
				GCC_VERSION = com.apple.compilers.llvm.clang.1_0;
				GCC_WARN_ABOUT_RETURN_TYPE = YES;
				GCC_WARN_UNINITIALIZED_AUTOS = YES;
				GCC_WARN_UNUSED_VARIABLE = YES;
				HEADER_SEARCH_PATHS = (
					Source,
					"Dependencies/**",
					Dependencies/png,
					Dependencies/mxml,
				);
				IPHONEOS_DEPLOYMENT_TARGET = 5.1;
				LIBRARY_SEARCH_PATHS = (
					"$(inherited)",
					"\"$(SRCROOT)/Dependencies/LuaJIT\"",
				);
				PRODUCT_NAME = dynamo;
				SDKROOT = iphoneos;
				SKIP_INSTALL = YES;
			};
			name = Debug;
		};
		C75AFCFC153FA9F500FE8623 /* Release */ = {
			isa = XCBuildConfiguration;
			buildSettings = {
				ALWAYS_SEARCH_USER_PATHS = NO;
				ARCHS = "$(ARCHS_STANDARD_32_BIT)";
				COPY_PHASE_STRIP = YES;
				DEAD_CODE_STRIPPING = NO;
				DSTROOT = /tmp/Dynamo.dst;
				FRAMEWORK_SEARCH_PATHS = (
					"$(inherited)",
					"\"$(SRCROOT)/Dependencies/LuaJIT\"",
				);
				GCC_C_LANGUAGE_STANDARD = gnu99;
				GCC_VERSION = com.apple.compilers.llvm.clang.1_0;
				GCC_WARN_ABOUT_RETURN_TYPE = YES;
				GCC_WARN_UNINITIALIZED_AUTOS = YES;
				GCC_WARN_UNUSED_VARIABLE = YES;
				HEADER_SEARCH_PATHS = (
					Source,
					"Dependencies/**",
					Dependencies/png,
					Dependencies/mxml,
				);
				IPHONEOS_DEPLOYMENT_TARGET = 5.1;
				LIBRARY_SEARCH_PATHS = (
					"$(inherited)",
					"\"$(SRCROOT)/Dependencies/LuaJIT\"",
				);
				PRODUCT_NAME = dynamo;
				SDKROOT = iphoneos;
				SKIP_INSTALL = YES;
				VALIDATE_PRODUCT = YES;
			};
			name = Release;
		};
		C78B8DFA1558A6ED00B8E5CE /* Debug */ = {
			isa = XCBuildConfiguration;
			buildSettings = {
				ALWAYS_SEARCH_USER_PATHS = NO;
				ARCHS = "$(ARCHS_STANDARD_32_64_BIT)";
				COPY_PHASE_STRIP = NO;
				DYLIB_COMPATIBILITY_VERSION = 1;
				DYLIB_CURRENT_VERSION = 1;
				FRAMEWORK_SEARCH_PATHS = (
					"$(inherited)",
					"\"$(SDKROOT)$(SYSTEM_LIBRARY_DIR)/Frameworks/ApplicationServices.framework/Frameworks\"",
				);
				FRAMEWORK_VERSION = A;
				GCC_C_LANGUAGE_STANDARD = gnu99;
				GCC_DYNAMIC_NO_PIC = NO;
				GCC_ENABLE_OBJC_EXCEPTIONS = YES;
				GCC_OPTIMIZATION_LEVEL = 0;
				GCC_PRECOMPILE_PREFIX_HEADER = YES;
				GCC_PREPROCESSOR_DEFINITIONS = (
					"DEBUG=1",
					"$(inherited)",
				);
				GCC_SYMBOLS_PRIVATE_EXTERN = NO;
				GCC_VERSION = com.apple.compilers.llvm.clang.1_0;
				GCC_WARN_64_TO_32_BIT_CONVERSION = YES;
				GCC_WARN_ABOUT_RETURN_TYPE = YES;
				GCC_WARN_UNINITIALIZED_AUTOS = YES;
				GCC_WARN_UNUSED_VARIABLE = YES;
				INFOPLIST_FILE = "Framework Resources/Dynamo-Info.plist";
				LIBRARY_SEARCH_PATHS = (
					"$(inherited)",
					/usr/X11/lib,
					/usr/local/Cellar/yajl/2.0.4/lib,
					/usr/local/Cellar/libmxml/2.6/lib,
				);
				MACOSX_DEPLOYMENT_TARGET = 10.7;
				ONLY_ACTIVE_ARCH = YES;
				PRODUCT_NAME = Dynamo;
				SDKROOT = macosx;
				WRAPPER_EXTENSION = framework;
			};
			name = Debug;
		};
		C78B8DFB1558A6ED00B8E5CE /* Release */ = {
			isa = XCBuildConfiguration;
			buildSettings = {
				ALWAYS_SEARCH_USER_PATHS = NO;
				ARCHS = "$(ARCHS_STANDARD_32_64_BIT)";
				COPY_PHASE_STRIP = YES;
				DEBUG_INFORMATION_FORMAT = "dwarf-with-dsym";
				DYLIB_COMPATIBILITY_VERSION = 1;
				DYLIB_CURRENT_VERSION = 1;
				FRAMEWORK_SEARCH_PATHS = (
					"$(inherited)",
					"\"$(SDKROOT)$(SYSTEM_LIBRARY_DIR)/Frameworks/ApplicationServices.framework/Frameworks\"",
				);
				FRAMEWORK_VERSION = A;
				GCC_C_LANGUAGE_STANDARD = gnu99;
				GCC_ENABLE_OBJC_EXCEPTIONS = YES;
				GCC_PRECOMPILE_PREFIX_HEADER = YES;
				GCC_VERSION = com.apple.compilers.llvm.clang.1_0;
				GCC_WARN_64_TO_32_BIT_CONVERSION = YES;
				GCC_WARN_ABOUT_RETURN_TYPE = YES;
				GCC_WARN_UNINITIALIZED_AUTOS = YES;
				GCC_WARN_UNUSED_VARIABLE = YES;
				INFOPLIST_FILE = "Framework Resources/Dynamo-Info.plist";
				LIBRARY_SEARCH_PATHS = (
					"$(inherited)",
					/usr/X11/lib,
					/usr/local/Cellar/yajl/2.0.4/lib,
					/usr/local/Cellar/libmxml/2.6/lib,
				);
				MACOSX_DEPLOYMENT_TARGET = 10.7;
				PRODUCT_NAME = Dynamo;
				SDKROOT = macosx;
				WRAPPER_EXTENSION = framework;
			};
			name = Release;
		};
/* End XCBuildConfiguration section */

/* Begin XCConfigurationList section */
		C75AFCE5153FA9D800FE8623 /* Build configuration list for PBXProject "Dynamo" */ = {
			isa = XCConfigurationList;
			buildConfigurations = (
				C75AFCE7153FA9D800FE8623 /* Debug */,
				C75AFCE8153FA9D800FE8623 /* Release */,
			);
			defaultConfigurationIsVisible = 0;
			defaultConfigurationName = Release;
		};
		C75AFCFD153FA9F500FE8623 /* Build configuration list for PBXNativeTarget "Dynamo - iOS" */ = {
			isa = XCConfigurationList;
			buildConfigurations = (
				C75AFCFB153FA9F500FE8623 /* Debug */,
				C75AFCFC153FA9F500FE8623 /* Release */,
			);
			defaultConfigurationIsVisible = 0;
			defaultConfigurationName = Release;
		};
		C78B8DF91558A6ED00B8E5CE /* Build configuration list for PBXNativeTarget "Dynamo - Mac" */ = {
			isa = XCConfigurationList;
			buildConfigurations = (
				C78B8DFA1558A6ED00B8E5CE /* Debug */,
				C78B8DFB1558A6ED00B8E5CE /* Release */,
			);
			defaultConfigurationIsVisible = 0;
			defaultConfigurationName = Release;
		};
/* End XCConfigurationList section */
	};
	rootObject = C75AFCE2153FA9D800FE8623 /* Project object */;
}
